{
  "originHash" : "977831ba3abc87d15d5149f9cb259aea7847f204e981b4cdfb420ac9eb458833",
  "pins" : [
    {
      "identity" : "ios-dfu-library",
      "kind" : "remoteSourceControl",
      "location" : "https://github.com/NordicSemiconductor/IOS-DFU-Library.git",
      "state" : {
        "revision" : "2db0d4f26a4812dfb7553e50e2a10f53f7b95114",
        "version" : "4.15.3"
      }
    },
    {
      "identity" : "kingfisher",
      "kind" : "remoteSourceControl",
      "location" : "https://github.com/onevcat/Kingfisher",
      "state" : {
        "revision" : "7deda23bbdca612076c5c315003d8638a08ed0f1",
        "version" : "8.3.2"
      }
    },
    {
      "identity" : "zip",
      "kind" : "remoteSourceControl",
      "location" : "https://github.com/marmelroy/Zip.git",
      "state" : {
        "revision" : "67fa55813b9e7b3b9acee9c0ae501def28746d76",
        "version" : "2.1.2"
      }
    },
    {
      "identity" : "zipfoundation",
      "kind" : "remoteSourceControl",
      "location" : "https://github.com/weichsel/ZIPFoundation",
      "state" : {
        "revision" : "02b6abe5f6eef7e3cbd5f247c5cc24e246efcfe0",
        "version" : "0.9.19"
      }
    }
  ],
  "version" : 3
}
