// !$*UTF8*$!
{
	archiveVersion = 1;
	classes = {
	};
	objectVersion = 54;
	objects = {

/* Begin PBXBuildFile section */
		2601AF632721D0BF00D999EF /* InfiniLink.xcdatamodeld in Sources */ = {isa = PBXBuildFile; fileRef = 2601AF612721D0BF00D999EF /* InfiniLink.xcdatamodeld */; };
		2601AF6A2722110700D999EF /* StepProgressGauge.swift in Sources */ = {isa = PBXBuildFile; fileRef = 2601AF692722110700D999EF /* StepProgressGauge.swift */; };
		2617EF3927036C9B00FE6F48 /* WhatsNewSheet.swift in Sources */ = {isa = PBXBuildFile; fileRef = 2617EF3827036C9B00FE6F48 /* WhatsNewSheet.swift */; };
		2632388426F2531C00D72B43 /* DFUWithBLE.swift in Sources */ = {isa = PBXBuildFile; fileRef = 2632388326F2531C00D72B43 /* DFUWithBLE.swift */; };
		2632388626F2548600D72B43 /* DFUWithoutBLE.swift in Sources */ = {isa = PBXBuildFile; fileRef = 2632388526F2548600D72B43 /* DFUWithoutBLE.swift */; };
		2632388A26F2591900D72B43 /* DFUStartTransferButton.swift in Sources */ = {isa = PBXBuildFile; fileRef = 2632388926F2591900D72B43 /* DFUStartTransferButton.swift */; };
		263462EA2729B71500D3278D /* StepCalendarView.swift in Sources */ = {isa = PBXBuildFile; fileRef = 263462E92729B71500D3278D /* StepCalendarView.swift */; };
		263462ED2729F68600D3278D /* CalendarView.swift in Sources */ = {isa = PBXBuildFile; fileRef = 263462EC2729F68600D3278D /* CalendarView.swift */; };
		263462EF2729F6C000D3278D /* CalendarViewExtensions.swift in Sources */ = {isa = PBXBuildFile; fileRef = 263462EE2729F6C000D3278D /* CalendarViewExtensions.swift */; };
		263B20BA26CDF13400676BF0 /* HeartChart.swift in Sources */ = {isa = PBXBuildFile; fileRef = 263B20B926CDF13400676BF0 /* HeartChart.swift */; };
		263B20C526CEB46800676BF0 /* SwiftUICharts in Frameworks */ = {isa = PBXBuildFile; productRef = 263B20C426CEB46800676BF0 /* SwiftUICharts */; };
		263B20C726CF07BB00676BF0 /* DFUProgressBar.swift in Sources */ = {isa = PBXBuildFile; fileRef = 263B20C626CF07BB00676BF0 /* DFUProgressBar.swift */; };
		263F56E026F13E760001BA4F /* DebugManager.swift in Sources */ = {isa = PBXBuildFile; fileRef = 263F56DF26F13E760001BA4F /* DebugManager.swift */; };
		2644261226DC093D009BD54A /* SetTime.swift in Sources */ = {isa = PBXBuildFile; fileRef = 2644261126DC093D009BD54A /* SetTime.swift */; };
		2644261626DC1D8E009BD54A /* Onboarding.swift in Sources */ = {isa = PBXBuildFile; fileRef = 2644261526DC1D8E009BD54A /* Onboarding.swift */; };
		264AE04627026BD6001504A7 /* UptimeManager.swift in Sources */ = {isa = PBXBuildFile; fileRef = 264AE04527026BD6001504A7 /* UptimeManager.swift */; };
		264BFE4226BC51CE0050A223 /* InfiniLinkApp.swift in Sources */ = {isa = PBXBuildFile; fileRef = 264BFE4126BC51CE0050A223 /* InfiniLinkApp.swift */; };
		264BFE4426BC51CE0050A223 /* ContentView.swift in Sources */ = {isa = PBXBuildFile; fileRef = 264BFE4326BC51CE0050A223 /* ContentView.swift */; };
		264BFE4626BC51CF0050A223 /* Assets.xcassets in Resources */ = {isa = PBXBuildFile; fileRef = 264BFE4526BC51CF0050A223 /* Assets.xcassets */; };
		264BFE4926BC51CF0050A223 /* Preview Assets.xcassets in Resources */ = {isa = PBXBuildFile; fileRef = 264BFE4826BC51CF0050A223 /* Preview Assets.xcassets */; };
		264BFE4B26BC51CF0050A223 /* Persistence.swift in Sources */ = {isa = PBXBuildFile; fileRef = 264BFE4A26BC51CF0050A223 /* Persistence.swift */; };
		264BFE5926BC51CF0050A223 /* InfiniLinkTests.swift in Sources */ = {isa = PBXBuildFile; fileRef = 264BFE5826BC51CF0050A223 /* InfiniLinkTests.swift */; };
		264BFE6426BC51CF0050A223 /* InfiniLinkUITests.swift in Sources */ = {isa = PBXBuildFile; fileRef = 264BFE6326BC51CF0050A223 /* InfiniLinkUITests.swift */; };
		264BFE7426BC526C0050A223 /* BLEManager.swift in Sources */ = {isa = PBXBuildFile; fileRef = 264BFE7326BC526C0050A223 /* BLEManager.swift */; };
		264BFE7626BC52720050A223 /* HexStringToData.swift in Sources */ = {isa = PBXBuildFile; fileRef = 264BFE7526BC52720050A223 /* HexStringToData.swift */; };
		264BFE7826BCAAC00050A223 /* README.md in Resources */ = {isa = PBXBuildFile; fileRef = 264BFE7726BCAAC00050A223 /* README.md */; };
		266F53E426F7FCA6007481A6 /* ChartManager.swift in Sources */ = {isa = PBXBuildFile; fileRef = 266F53E326F7FCA6007481A6 /* ChartManager.swift */; };
		266F53EA26FA91F3007481A6 /* DeviceInfo.swift in Sources */ = {isa = PBXBuildFile; fileRef = 266F53E926FA91F3007481A6 /* DeviceInfo.swift */; };
		267C2EF8273C8AB300F464B0 /* StepWeeklyGraph.swift in Sources */ = {isa = PBXBuildFile; fileRef = 267C2EF7273C8AB300F464B0 /* StepWeeklyGraph.swift */; };
		267C2EFA273DB62800F464B0 /* StepsSettingsSheet.swift in Sources */ = {isa = PBXBuildFile; fileRef = 267C2EF9273DB62800F464B0 /* StepsSettingsSheet.swift */; };
		268E773C27174A2B000DF90D /* ChartSettingsSheetMain.swift in Sources */ = {isa = PBXBuildFile; fileRef = 268E773B27174A2B000DF90D /* ChartSettingsSheetMain.swift */; };
		26914730272A09D8004A61BD /* StepCountPersistenceManager.swift in Sources */ = {isa = PBXBuildFile; fileRef = 2691472F272A09D8004A61BD /* StepCountPersistenceManager.swift */; };
		26A40E852704E6F3007966F6 /* SheetManager.swift in Sources */ = {isa = PBXBuildFile; fileRef = 26A40E842704E6F3007966F6 /* SheetManager.swift */; };
		26A40E8F270509BA007966F6 /* DebugViewShareButton.swift in Sources */ = {isa = PBXBuildFile; fileRef = 26A40E8E270509BA007966F6 /* DebugViewShareButton.swift */; };
		26A40E912707C7A3007966F6 /* BLEDiscoveredCharacteristics.swift in Sources */ = {isa = PBXBuildFile; fileRef = 26A40E902707C7A3007966F6 /* BLEDiscoveredCharacteristics.swift */; };
		26A40E932707D119007966F6 /* BLEUpdateHandler.swift in Sources */ = {isa = PBXBuildFile; fileRef = 26A40E922707D119007966F6 /* BLEUpdateHandler.swift */; };
		26A6314D26BEFD2C005AE404 /* MusicController.swift in Sources */ = {isa = PBXBuildFile; fileRef = 26A6314C26BEFD2C005AE404 /* MusicController.swift */; };
		26A6315526C0297A005AE404 /* BLEWriteManager.swift in Sources */ = {isa = PBXBuildFile; fileRef = 26A6315426C0297A005AE404 /* BLEWriteManager.swift */; };
		26A6315B26C49841005AE404 /* DFU.swift in Sources */ = {isa = PBXBuildFile; fileRef = 26A6315A26C49841005AE404 /* DFU.swift */; };
		26A6315E26C498B7005AE404 /* NordicDFU in Frameworks */ = {isa = PBXBuildFile; productRef = 26A6315D26C498B7005AE404 /* NordicDFU */; };
		26A6316026C4BC25005AE404 /* DFUView.swift in Sources */ = {isa = PBXBuildFile; fileRef = 26A6315F26C4BC25005AE404 /* DFUView.swift */; };
		26A6316326C4C6D6005AE404 /* BLEConnectView.swift in Sources */ = {isa = PBXBuildFile; fileRef = 26A6316226C4C6D6005AE404 /* BLEConnectView.swift */; };
		26B2BAF726F139D600FBC9CE /* DebugView.swift in Sources */ = {isa = PBXBuildFile; fileRef = 26B2BAF626F139D600FBC9CE /* DebugView.swift */; };
		26C5FAD526FBB76100921207 /* DeviceNameManager.swift in Sources */ = {isa = PBXBuildFile; fileRef = 26C5FAD426FBB76100921207 /* DeviceNameManager.swift */; };
		26C5FAD826FC129400921207 /* ArbitraryNotificationView.swift in Sources */ = {isa = PBXBuildFile; fileRef = 26C5FAD726FC129400921207 /* ArbitraryNotificationView.swift */; };
		26C5FADC26FE7EB000921207 /* SheetCloseButton.swift in Sources */ = {isa = PBXBuildFile; fileRef = 26C5FADB26FE7EB000921207 /* SheetCloseButton.swift */; };
		26C5FAE126FE98F500921207 /* BLEAutoconnectManager.swift in Sources */ = {isa = PBXBuildFile; fileRef = 26C5FAE026FE98F500921207 /* BLEAutoconnectManager.swift */; };
		26C5FAE326FEB0A400921207 /* DFUDownloadView.swift in Sources */ = {isa = PBXBuildFile; fileRef = 26C5FAE226FEB0A400921207 /* DFUDownloadView.swift */; };
		26C5FAE8270100FF00921207 /* DownloadManager.swift in Sources */ = {isa = PBXBuildFile; fileRef = 26C5FAE7270100FF00921207 /* DownloadManager.swift */; };
		26D7816526C9EB3800BBF555 /* BLEDelegates.swift in Sources */ = {isa = PBXBuildFile; fileRef = 26D7816426C9EB3800BBF555 /* BLEDelegates.swift */; };
		26D7816E26CA003B00BBF555 /* SettingsFunctions.swift in Sources */ = {isa = PBXBuildFile; fileRef = 26D7816D26CA003B00BBF555 /* SettingsFunctions.swift */; };
		26D7817026CA004B00BBF555 /* SettingsView.swift in Sources */ = {isa = PBXBuildFile; fileRef = 26D7816F26CA004B00BBF555 /* SettingsView.swift */; };
		26D7817A26CAD19F00BBF555 /* ColorPalette.swift in Sources */ = {isa = PBXBuildFile; fileRef = 26D7817926CAD19F00BBF555 /* ColorPalette.swift */; };
		E021DAB32B489F58005C5E51 /* Extensions.swift in Sources */ = {isa = PBXBuildFile; fileRef = E021DAB22B489F58005C5E51 /* Extensions.swift */; };
		E0754FDA2B83BBF800B35787 /* LV_IMG_Convert.swift in Sources */ = {isa = PBXBuildFile; fileRef = E5DBC9A32B828DF4003E0A28 /* LV_IMG_Convert.swift */; };
		E079ED012B78903B0038C0F2 /* WatchSettingsView.swift in Sources */ = {isa = PBXBuildFile; fileRef = E079ED002B78903B0038C0F2 /* WatchSettingsView.swift */; };
		E097C1192B4F0B7E005293D8 /* BatteryChart.swift in Sources */ = {isa = PBXBuildFile; fileRef = E097C1182B4F0B7E005293D8 /* BatteryChart.swift */; };
		E0A1477F2B5EC57F000193E9 /* WeatherSetLocationView.swift in Sources */ = {isa = PBXBuildFile; fileRef = E0A1477E2B5EC57F000193E9 /* WeatherSetLocationView.swift */; };
		E0BFBF772B3662A600055A2B /* ConnectionHelpView.swift in Sources */ = {isa = PBXBuildFile; fileRef = E0BFBF762B3662A600055A2B /* ConnectionHelpView.swift */; };
		E0EC91C12B47213F007472EC /* NotificationManager.swift in Sources */ = {isa = PBXBuildFile; fileRef = E0EC91C02B47213F007472EC /* NotificationManager.swift */; };
		E0F599412B76CABF00BE96A3 /* FileSystemView.swift in Sources */ = {isa = PBXBuildFile; fileRef = E0F599402B76CABF00BE96A3 /* FileSystemView.swift */; };
		E0F69E102B35E44C00D41F94 /* HealthKitManager.swift in Sources */ = {isa = PBXBuildFile; fileRef = E0F69E0F2B35E44C00D41F94 /* HealthKitManager.swift */; };
		E515FB0C284C54690040B582 /* BatteryChartComponents.swift in Sources */ = {isa = PBXBuildFile; fileRef = E515FB0A284C54690040B582 /* BatteryChartComponents.swift */; };
		E515FB0D284C54690040B582 /* HeartChartComponents.swift in Sources */ = {isa = PBXBuildFile; fileRef = E515FB0B284C54690040B582 /* HeartChartComponents.swift */; };
		E515FB13284C55540040B582 /* ChartOverview.swift in Sources */ = {isa = PBXBuildFile; fileRef = E515FB12284C55540040B582 /* ChartOverview.swift */; };
		E515FB15284C56070040B582 /* DeviceView.swift in Sources */ = {isa = PBXBuildFile; fileRef = E515FB14284C56070040B582 /* DeviceView.swift */; };
		E515FB17284C56480040B582 /* WelcomeView.swift in Sources */ = {isa = PBXBuildFile; fileRef = E515FB16284C56480040B582 /* WelcomeView.swift */; };
		E515FB1B284C58AA0040B582 /* BLEManagerVariables.swift in Sources */ = {isa = PBXBuildFile; fileRef = E515FB1A284C58AA0040B582 /* BLEManagerVariables.swift */; };
		E5286050282C5ED300C06FA0 /* ChartViewComponents.swift in Sources */ = {isa = PBXBuildFile; fileRef = E528604F282C5ED300C06FA0 /* ChartViewComponents.swift */; };
		E531952D2B792D84004FECB4 /* WatchFace.swift in Sources */ = {isa = PBXBuildFile; fileRef = E531952C2B792D84004FECB4 /* WatchFace.swift */; };
		E531953B2B792E3C004FECB4 /* Teko-Light.ttf in Resources */ = {isa = PBXBuildFile; fileRef = E53195312B792E3B004FECB4 /* Teko-Light.ttf */; };
		E531953C2B792E3C004FECB4 /* BebasNeue-Regular.ttf in Resources */ = {isa = PBXBuildFile; fileRef = E53195322B792E3B004FECB4 /* BebasNeue-Regular.ttf */; };
		E531953D2B792E3C004FECB4 /* MaterialIcons-Regular.ttf in Resources */ = {isa = PBXBuildFile; fileRef = E53195332B792E3B004FECB4 /* MaterialIcons-Regular.ttf */; };
		E531953E2B792E3C004FECB4 /* JetBrainsMono-Regular.ttf in Resources */ = {isa = PBXBuildFile; fileRef = E53195342B792E3B004FECB4 /* JetBrainsMono-Regular.ttf */; };
		E531953F2B792E3C004FECB4 /* JetBrainsMono-Light.ttf in Resources */ = {isa = PBXBuildFile; fileRef = E53195352B792E3B004FECB4 /* JetBrainsMono-Light.ttf */; };
		E53195402B792E3C004FECB4 /* JetBrainsMono-ExtraBold.ttf in Resources */ = {isa = PBXBuildFile; fileRef = E53195362B792E3B004FECB4 /* JetBrainsMono-ExtraBold.ttf */; };
		E53195412B792E3C004FECB4 /* open_sans_light.ttf in Resources */ = {isa = PBXBuildFile; fileRef = E53195372B792E3C004FECB4 /* open_sans_light.ttf */; };
		E53195422B792E3C004FECB4 /* navigation.ttf in Resources */ = {isa = PBXBuildFile; fileRef = E53195382B792E3C004FECB4 /* navigation.ttf */; };
		E53195432B792E3C004FECB4 /* repetitionscrolling.ttf in Resources */ = {isa = PBXBuildFile; fileRef = E53195392B792E3C004FECB4 /* repetitionscrolling.ttf */; };
		E53195442B792E3C004FECB4 /* JetBrainsMono-Bold.ttf in Resources */ = {isa = PBXBuildFile; fileRef = E531953A2B792E3C004FECB4 /* JetBrainsMono-Bold.ttf */; };
		E531954C2B792E6B004FECB4 /* navigation0.png in Resources */ = {isa = PBXBuildFile; fileRef = E53195462B792E6B004FECB4 /* navigation0.png */; };
		E531954D2B792E6B004FECB4 /* pine_logo.png in Resources */ = {isa = PBXBuildFile; fileRef = E53195472B792E6B004FECB4 /* pine_logo.png */; };
		E531954E2B792E6B004FECB4 /* infinitime-nb.png in Resources */ = {isa = PBXBuildFile; fileRef = E53195482B792E6B004FECB4 /* infinitime-nb.png */; };
		E531954F2B792E6B004FECB4 /* battery.png in Resources */ = {isa = PBXBuildFile; fileRef = E53195492B792E6B004FECB4 /* battery.png */; };
		E53195502B792E6B004FECB4 /* pine_logo.svg in Resources */ = {isa = PBXBuildFile; fileRef = E531954A2B792E6B004FECB4 /* pine_logo.svg */; };
		E53195512B792E6B004FECB4 /* navigation1.png in Resources */ = {isa = PBXBuildFile; fileRef = E531954B2B792E6B004FECB4 /* navigation1.png */; };
		E53F51352B718E4A008D4CE6 /* Zip in Frameworks */ = {isa = PBXBuildFile; productRef = E53F51342B718E4A008D4CE6 /* Zip */; };
		E57654032B5781970059C8EF /* WeatherController.swift in Sources */ = {isa = PBXBuildFile; fileRef = E57654022B5781970059C8EF /* WeatherController.swift */; };
		E57AD5772823F85D00E33EEA /* DeviceData.swift in Sources */ = {isa = PBXBuildFile; fileRef = E57AD5762823F85D00E33EEA /* DeviceData.swift */; };
		E59398FA2B58DA1F00D5840A /* SwiftyJSON in Frameworks */ = {isa = PBXBuildFile; productRef = E59398F92B58DA1F00D5840A /* SwiftyJSON */; };
		E5E7F7AA2B6564E9005E4277 /* BLE_FS.swift in Sources */ = {isa = PBXBuildFile; fileRef = E5E7F7A92B6564E9005E4277 /* BLE_FS.swift */; };
		E5EEB1D42803438200FB0C11 /* RenameView.swift in Sources */ = {isa = PBXBuildFile; fileRef = E5EEB1D32803438200FB0C11 /* RenameView.swift */; };
		E5EEB1D928034EA500FB0C11 /* HeartView.swift in Sources */ = {isa = PBXBuildFile; fileRef = E5EEB1D728034EA500FB0C11 /* HeartView.swift */; };
		E5EEB1DA28034EA500FB0C11 /* BatteryView.swift in Sources */ = {isa = PBXBuildFile; fileRef = E5EEB1D828034EA500FB0C11 /* BatteryView.swift */; };
		E5EEB1DE2803780C00FB0C11 /* StepsView.swift in Sources */ = {isa = PBXBuildFile; fileRef = E5EEB1DD2803780C00FB0C11 /* StepsView.swift */; };
		F9A88B642765357600B2B94C /* Localizable.strings in Resources */ = {isa = PBXBuildFile; fileRef = F9A88B662765357600B2B94C /* Localizable.strings */; };
/* End PBXBuildFile section */

/* Begin PBXContainerItemProxy section */
		264BFE5526BC51CF0050A223 /* PBXContainerItemProxy */ = {
			isa = PBXContainerItemProxy;
			containerPortal = 264BFE3626BC51CE0050A223 /* Project object */;
			proxyType = 1;
			remoteGlobalIDString = 264BFE3D26BC51CE0050A223;
			remoteInfo = "Infini-iOS";
		};
		264BFE6026BC51CF0050A223 /* PBXContainerItemProxy */ = {
			isa = PBXContainerItemProxy;
			containerPortal = 264BFE3626BC51CE0050A223 /* Project object */;
			proxyType = 1;
			remoteGlobalIDString = 264BFE3D26BC51CE0050A223;
			remoteInfo = "Infini-iOS";
		};
/* End PBXContainerItemProxy section */

/* Begin PBXFileReference section */
		22F9534327AF34C200729BF5 /* fr */ = {isa = PBXFileReference; lastKnownFileType = text.plist.strings; name = fr; path = fr.lproj/Localizable.strings; sourceTree = "<group>"; };
		2601AF622721D0BF00D999EF /* InfiniLink.xcdatamodel */ = {isa = PBXFileReference; lastKnownFileType = wrapper.xcdatamodel; path = InfiniLink.xcdatamodel; sourceTree = "<group>"; };
		2601AF692722110700D999EF /* StepProgressGauge.swift */ = {isa = PBXFileReference; lastKnownFileType = sourcecode.swift; path = StepProgressGauge.swift; sourceTree = "<group>"; };
		2617EF3827036C9B00FE6F48 /* WhatsNewSheet.swift */ = {isa = PBXFileReference; lastKnownFileType = sourcecode.swift; path = WhatsNewSheet.swift; sourceTree = "<group>"; };
		2632388326F2531C00D72B43 /* DFUWithBLE.swift */ = {isa = PBXFileReference; lastKnownFileType = sourcecode.swift; path = DFUWithBLE.swift; sourceTree = "<group>"; };
		2632388526F2548600D72B43 /* DFUWithoutBLE.swift */ = {isa = PBXFileReference; lastKnownFileType = sourcecode.swift; path = DFUWithoutBLE.swift; sourceTree = "<group>"; };
		2632388926F2591900D72B43 /* DFUStartTransferButton.swift */ = {isa = PBXFileReference; lastKnownFileType = sourcecode.swift; path = DFUStartTransferButton.swift; sourceTree = "<group>"; };
		263462E92729B71500D3278D /* StepCalendarView.swift */ = {isa = PBXFileReference; lastKnownFileType = sourcecode.swift; path = StepCalendarView.swift; sourceTree = "<group>"; };
		263462EC2729F68600D3278D /* CalendarView.swift */ = {isa = PBXFileReference; lastKnownFileType = sourcecode.swift; path = CalendarView.swift; sourceTree = "<group>"; };
		263462EE2729F6C000D3278D /* CalendarViewExtensions.swift */ = {isa = PBXFileReference; lastKnownFileType = sourcecode.swift; path = CalendarViewExtensions.swift; sourceTree = "<group>"; };
		263B20B926CDF13400676BF0 /* HeartChart.swift */ = {isa = PBXFileReference; lastKnownFileType = sourcecode.swift; path = HeartChart.swift; sourceTree = "<group>"; };
		263B20C626CF07BB00676BF0 /* DFUProgressBar.swift */ = {isa = PBXFileReference; lastKnownFileType = sourcecode.swift; path = DFUProgressBar.swift; sourceTree = "<group>"; };
		263F56DF26F13E760001BA4F /* DebugManager.swift */ = {isa = PBXFileReference; lastKnownFileType = sourcecode.swift; path = DebugManager.swift; sourceTree = "<group>"; };
		2644261126DC093D009BD54A /* SetTime.swift */ = {isa = PBXFileReference; lastKnownFileType = sourcecode.swift; path = SetTime.swift; sourceTree = "<group>"; };
		2644261526DC1D8E009BD54A /* Onboarding.swift */ = {isa = PBXFileReference; lastKnownFileType = sourcecode.swift; path = Onboarding.swift; sourceTree = "<group>"; };
		264AE04527026BD6001504A7 /* UptimeManager.swift */ = {isa = PBXFileReference; lastKnownFileType = sourcecode.swift; path = UptimeManager.swift; sourceTree = "<group>"; };
		264BFE3E26BC51CE0050A223 /* InfiniLink.app */ = {isa = PBXFileReference; explicitFileType = wrapper.application; includeInIndex = 0; path = InfiniLink.app; sourceTree = BUILT_PRODUCTS_DIR; };
		264BFE4126BC51CE0050A223 /* InfiniLinkApp.swift */ = {isa = PBXFileReference; lastKnownFileType = sourcecode.swift; path = InfiniLinkApp.swift; sourceTree = "<group>"; };
		264BFE4326BC51CE0050A223 /* ContentView.swift */ = {isa = PBXFileReference; lastKnownFileType = sourcecode.swift; path = ContentView.swift; sourceTree = "<group>"; };
		264BFE4526BC51CF0050A223 /* Assets.xcassets */ = {isa = PBXFileReference; lastKnownFileType = folder.assetcatalog; path = Assets.xcassets; sourceTree = "<group>"; };
		264BFE4826BC51CF0050A223 /* Preview Assets.xcassets */ = {isa = PBXFileReference; lastKnownFileType = folder.assetcatalog; path = "Preview Assets.xcassets"; sourceTree = "<group>"; };
		264BFE4A26BC51CF0050A223 /* Persistence.swift */ = {isa = PBXFileReference; lastKnownFileType = sourcecode.swift; path = Persistence.swift; sourceTree = "<group>"; };
		264BFE4F26BC51CF0050A223 /* Info.plist */ = {isa = PBXFileReference; lastKnownFileType = text.plist.xml; path = Info.plist; sourceTree = "<group>"; };
		264BFE5426BC51CF0050A223 /* InfiniLinkTests.xctest */ = {isa = PBXFileReference; explicitFileType = wrapper.cfbundle; includeInIndex = 0; path = InfiniLinkTests.xctest; sourceTree = BUILT_PRODUCTS_DIR; };
		264BFE5826BC51CF0050A223 /* InfiniLinkTests.swift */ = {isa = PBXFileReference; lastKnownFileType = sourcecode.swift; path = InfiniLinkTests.swift; sourceTree = "<group>"; };
		264BFE5A26BC51CF0050A223 /* Info.plist */ = {isa = PBXFileReference; lastKnownFileType = text.plist.xml; path = Info.plist; sourceTree = "<group>"; };
		264BFE5F26BC51CF0050A223 /* InfiniLinkUITests.xctest */ = {isa = PBXFileReference; explicitFileType = wrapper.cfbundle; includeInIndex = 0; path = InfiniLinkUITests.xctest; sourceTree = BUILT_PRODUCTS_DIR; };
		264BFE6326BC51CF0050A223 /* InfiniLinkUITests.swift */ = {isa = PBXFileReference; lastKnownFileType = sourcecode.swift; path = InfiniLinkUITests.swift; sourceTree = "<group>"; };
		264BFE6526BC51CF0050A223 /* Info.plist */ = {isa = PBXFileReference; lastKnownFileType = text.plist.xml; path = Info.plist; sourceTree = "<group>"; };
		264BFE7326BC526C0050A223 /* BLEManager.swift */ = {isa = PBXFileReference; fileEncoding = 4; lastKnownFileType = sourcecode.swift; path = BLEManager.swift; sourceTree = "<group>"; };
		264BFE7526BC52720050A223 /* HexStringToData.swift */ = {isa = PBXFileReference; fileEncoding = 4; lastKnownFileType = sourcecode.swift; path = HexStringToData.swift; sourceTree = "<group>"; };
		264BFE7726BCAAC00050A223 /* README.md */ = {isa = PBXFileReference; fileEncoding = 4; lastKnownFileType = net.daringfireball.markdown; path = README.md; sourceTree = SOURCE_ROOT; };
		2656FD9A26D1B30C001EF20C /* PrivacyPolicy.md */ = {isa = PBXFileReference; lastKnownFileType = net.daringfireball.markdown; path = PrivacyPolicy.md; sourceTree = "<group>"; };
		266F53E326F7FCA6007481A6 /* ChartManager.swift */ = {isa = PBXFileReference; lastKnownFileType = sourcecode.swift; path = ChartManager.swift; sourceTree = "<group>"; };
		266F53E926FA91F3007481A6 /* DeviceInfo.swift */ = {isa = PBXFileReference; lastKnownFileType = sourcecode.swift; path = DeviceInfo.swift; sourceTree = "<group>"; };
		267C2EF7273C8AB300F464B0 /* StepWeeklyGraph.swift */ = {isa = PBXFileReference; lastKnownFileType = sourcecode.swift; path = StepWeeklyGraph.swift; sourceTree = "<group>"; };
		267C2EF9273DB62800F464B0 /* StepsSettingsSheet.swift */ = {isa = PBXFileReference; lastKnownFileType = sourcecode.swift; path = StepsSettingsSheet.swift; sourceTree = "<group>"; };
		268E773B27174A2B000DF90D /* ChartSettingsSheetMain.swift */ = {isa = PBXFileReference; lastKnownFileType = sourcecode.swift; path = ChartSettingsSheetMain.swift; sourceTree = "<group>"; };
		2691472F272A09D8004A61BD /* StepCountPersistenceManager.swift */ = {isa = PBXFileReference; lastKnownFileType = sourcecode.swift; path = StepCountPersistenceManager.swift; sourceTree = "<group>"; };
		26A40E842704E6F3007966F6 /* SheetManager.swift */ = {isa = PBXFileReference; fileEncoding = 4; lastKnownFileType = sourcecode.swift; path = SheetManager.swift; sourceTree = "<group>"; };
		26A40E8E270509BA007966F6 /* DebugViewShareButton.swift */ = {isa = PBXFileReference; lastKnownFileType = sourcecode.swift; path = DebugViewShareButton.swift; sourceTree = "<group>"; };
		26A40E902707C7A3007966F6 /* BLEDiscoveredCharacteristics.swift */ = {isa = PBXFileReference; lastKnownFileType = sourcecode.swift; path = BLEDiscoveredCharacteristics.swift; sourceTree = "<group>"; };
		26A40E922707D119007966F6 /* BLEUpdateHandler.swift */ = {isa = PBXFileReference; lastKnownFileType = sourcecode.swift; path = BLEUpdateHandler.swift; sourceTree = "<group>"; };
		26A6314C26BEFD2C005AE404 /* MusicController.swift */ = {isa = PBXFileReference; lastKnownFileType = sourcecode.swift; path = MusicController.swift; sourceTree = "<group>"; };
		26A6315426C0297A005AE404 /* BLEWriteManager.swift */ = {isa = PBXFileReference; lastKnownFileType = sourcecode.swift; path = BLEWriteManager.swift; sourceTree = "<group>"; };
		26A6315A26C49841005AE404 /* DFU.swift */ = {isa = PBXFileReference; lastKnownFileType = sourcecode.swift; path = DFU.swift; sourceTree = "<group>"; };
		26A6315F26C4BC25005AE404 /* DFUView.swift */ = {isa = PBXFileReference; lastKnownFileType = sourcecode.swift; path = DFUView.swift; sourceTree = "<group>"; };
		26A6316226C4C6D6005AE404 /* BLEConnectView.swift */ = {isa = PBXFileReference; lastKnownFileType = sourcecode.swift; path = BLEConnectView.swift; sourceTree = "<group>"; };
		26B2BAF626F139D600FBC9CE /* DebugView.swift */ = {isa = PBXFileReference; lastKnownFileType = sourcecode.swift; path = DebugView.swift; sourceTree = "<group>"; };
		26C5FAD426FBB76100921207 /* DeviceNameManager.swift */ = {isa = PBXFileReference; lastKnownFileType = sourcecode.swift; path = DeviceNameManager.swift; sourceTree = "<group>"; };
		26C5FAD726FC129400921207 /* ArbitraryNotificationView.swift */ = {isa = PBXFileReference; lastKnownFileType = sourcecode.swift; path = ArbitraryNotificationView.swift; sourceTree = "<group>"; };
		26C5FADB26FE7EB000921207 /* SheetCloseButton.swift */ = {isa = PBXFileReference; lastKnownFileType = sourcecode.swift; path = SheetCloseButton.swift; sourceTree = "<group>"; };
		26C5FAE026FE98F500921207 /* BLEAutoconnectManager.swift */ = {isa = PBXFileReference; lastKnownFileType = sourcecode.swift; path = BLEAutoconnectManager.swift; sourceTree = "<group>"; };
		26C5FAE226FEB0A400921207 /* DFUDownloadView.swift */ = {isa = PBXFileReference; lastKnownFileType = sourcecode.swift; path = DFUDownloadView.swift; sourceTree = "<group>"; };
		26C5FAE7270100FF00921207 /* DownloadManager.swift */ = {isa = PBXFileReference; lastKnownFileType = sourcecode.swift; path = DownloadManager.swift; sourceTree = "<group>"; };
		26D7816426C9EB3800BBF555 /* BLEDelegates.swift */ = {isa = PBXFileReference; lastKnownFileType = sourcecode.swift; path = BLEDelegates.swift; sourceTree = "<group>"; };
		26D7816D26CA003B00BBF555 /* SettingsFunctions.swift */ = {isa = PBXFileReference; fileEncoding = 4; lastKnownFileType = sourcecode.swift; path = SettingsFunctions.swift; sourceTree = "<group>"; };
		26D7816F26CA004B00BBF555 /* SettingsView.swift */ = {isa = PBXFileReference; fileEncoding = 4; lastKnownFileType = sourcecode.swift; path = SettingsView.swift; sourceTree = "<group>"; };
		26D7817926CAD19F00BBF555 /* ColorPalette.swift */ = {isa = PBXFileReference; lastKnownFileType = sourcecode.swift; path = ColorPalette.swift; sourceTree = "<group>"; };
		9255940428BB5342001602F1 /* zh-Hant */ = {isa = PBXFileReference; lastKnownFileType = text.plist.strings; name = "zh-Hant"; path = "zh-Hant.lproj/Localizable.strings"; sourceTree = "<group>"; };
		E021DAB22B489F58005C5E51 /* Extensions.swift */ = {isa = PBXFileReference; lastKnownFileType = sourcecode.swift; path = Extensions.swift; sourceTree = "<group>"; };
		E06973AA2B35E6F4009C2F7D /* InfiniLink.entitlements */ = {isa = PBXFileReference; lastKnownFileType = text.plist.entitlements; path = InfiniLink.entitlements; sourceTree = "<group>"; };
		E079ED002B78903B0038C0F2 /* WatchSettingsView.swift */ = {isa = PBXFileReference; lastKnownFileType = sourcecode.swift; path = WatchSettingsView.swift; sourceTree = "<group>"; };
		E097C1182B4F0B7E005293D8 /* BatteryChart.swift */ = {isa = PBXFileReference; lastKnownFileType = sourcecode.swift; path = BatteryChart.swift; sourceTree = "<group>"; };
		E0A1477E2B5EC57F000193E9 /* WeatherSetLocationView.swift */ = {isa = PBXFileReference; lastKnownFileType = sourcecode.swift; path = WeatherSetLocationView.swift; sourceTree = "<group>"; };
		E0BFBF762B3662A600055A2B /* ConnectionHelpView.swift */ = {isa = PBXFileReference; lastKnownFileType = sourcecode.swift; path = ConnectionHelpView.swift; sourceTree = "<group>"; };
		E0EC91C02B47213F007472EC /* NotificationManager.swift */ = {isa = PBXFileReference; lastKnownFileType = sourcecode.swift; path = NotificationManager.swift; sourceTree = "<group>"; };
		E0F599402B76CABF00BE96A3 /* FileSystemView.swift */ = {isa = PBXFileReference; lastKnownFileType = sourcecode.swift; path = FileSystemView.swift; sourceTree = "<group>"; };
		E0F69E0F2B35E44C00D41F94 /* HealthKitManager.swift */ = {isa = PBXFileReference; lastKnownFileType = sourcecode.swift; path = HealthKitManager.swift; sourceTree = "<group>"; };
		E515FB0A284C54690040B582 /* BatteryChartComponents.swift */ = {isa = PBXFileReference; fileEncoding = 4; lastKnownFileType = sourcecode.swift; path = BatteryChartComponents.swift; sourceTree = "<group>"; };
		E515FB0B284C54690040B582 /* HeartChartComponents.swift */ = {isa = PBXFileReference; fileEncoding = 4; lastKnownFileType = sourcecode.swift; path = HeartChartComponents.swift; sourceTree = "<group>"; };
		E515FB12284C55540040B582 /* ChartOverview.swift */ = {isa = PBXFileReference; fileEncoding = 4; lastKnownFileType = sourcecode.swift; name = ChartOverview.swift; path = "InfiniLink/View Components/ChartOverview.swift"; sourceTree = SOURCE_ROOT; };
		E515FB14284C56070040B582 /* DeviceView.swift */ = {isa = PBXFileReference; fileEncoding = 4; lastKnownFileType = sourcecode.swift; path = DeviceView.swift; sourceTree = "<group>"; };
		E515FB16284C56480040B582 /* WelcomeView.swift */ = {isa = PBXFileReference; fileEncoding = 4; lastKnownFileType = sourcecode.swift; path = WelcomeView.swift; sourceTree = "<group>"; };
		E515FB1A284C58AA0040B582 /* BLEManagerVariables.swift */ = {isa = PBXFileReference; fileEncoding = 4; lastKnownFileType = sourcecode.swift; path = BLEManagerVariables.swift; sourceTree = "<group>"; };
		E528604F282C5ED300C06FA0 /* ChartViewComponents.swift */ = {isa = PBXFileReference; lastKnownFileType = sourcecode.swift; path = ChartViewComponents.swift; sourceTree = "<group>"; };
		E531952C2B792D84004FECB4 /* WatchFace.swift */ = {isa = PBXFileReference; lastKnownFileType = sourcecode.swift; path = WatchFace.swift; sourceTree = "<group>"; };
		E53195312B792E3B004FECB4 /* Teko-Light.ttf */ = {isa = PBXFileReference; lastKnownFileType = file; path = "Teko-Light.ttf"; sourceTree = "<group>"; };
		E53195322B792E3B004FECB4 /* BebasNeue-Regular.ttf */ = {isa = PBXFileReference; lastKnownFileType = file; path = "BebasNeue-Regular.ttf"; sourceTree = "<group>"; };
		E53195332B792E3B004FECB4 /* MaterialIcons-Regular.ttf */ = {isa = PBXFileReference; lastKnownFileType = file; path = "MaterialIcons-Regular.ttf"; sourceTree = "<group>"; };
		E53195342B792E3B004FECB4 /* JetBrainsMono-Regular.ttf */ = {isa = PBXFileReference; lastKnownFileType = file; path = "JetBrainsMono-Regular.ttf"; sourceTree = "<group>"; };
		E53195352B792E3B004FECB4 /* JetBrainsMono-Light.ttf */ = {isa = PBXFileReference; lastKnownFileType = file; path = "JetBrainsMono-Light.ttf"; sourceTree = "<group>"; };
		E53195362B792E3B004FECB4 /* JetBrainsMono-ExtraBold.ttf */ = {isa = PBXFileReference; lastKnownFileType = file; path = "JetBrainsMono-ExtraBold.ttf"; sourceTree = "<group>"; };
		E53195372B792E3C004FECB4 /* open_sans_light.ttf */ = {isa = PBXFileReference; lastKnownFileType = file; path = open_sans_light.ttf; sourceTree = "<group>"; };
		E53195382B792E3C004FECB4 /* navigation.ttf */ = {isa = PBXFileReference; lastKnownFileType = file; path = navigation.ttf; sourceTree = "<group>"; };
		E53195392B792E3C004FECB4 /* repetitionscrolling.ttf */ = {isa = PBXFileReference; lastKnownFileType = file; path = repetitionscrolling.ttf; sourceTree = "<group>"; };
		E531953A2B792E3C004FECB4 /* JetBrainsMono-Bold.ttf */ = {isa = PBXFileReference; lastKnownFileType = file; path = "JetBrainsMono-Bold.ttf"; sourceTree = "<group>"; };
		E53195462B792E6B004FECB4 /* navigation0.png */ = {isa = PBXFileReference; lastKnownFileType = image.png; path = navigation0.png; sourceTree = "<group>"; };
		E53195472B792E6B004FECB4 /* pine_logo.png */ = {isa = PBXFileReference; lastKnownFileType = image.png; path = pine_logo.png; sourceTree = "<group>"; };
		E53195482B792E6B004FECB4 /* infinitime-nb.png */ = {isa = PBXFileReference; lastKnownFileType = image.png; path = "infinitime-nb.png"; sourceTree = "<group>"; };
		E53195492B792E6B004FECB4 /* battery.png */ = {isa = PBXFileReference; lastKnownFileType = image.png; path = battery.png; sourceTree = "<group>"; };
		E531954A2B792E6B004FECB4 /* pine_logo.svg */ = {isa = PBXFileReference; fileEncoding = 4; lastKnownFileType = text.xml; path = pine_logo.svg; sourceTree = "<group>"; };
		E531954B2B792E6B004FECB4 /* navigation1.png */ = {isa = PBXFileReference; lastKnownFileType = image.png; path = navigation1.png; sourceTree = "<group>"; };
		E57654022B5781970059C8EF /* WeatherController.swift */ = {isa = PBXFileReference; fileEncoding = 4; lastKnownFileType = sourcecode.swift; name = WeatherController.swift; path = InfiniLink/Weather/WeatherController.swift; sourceTree = SOURCE_ROOT; };
		E57AD5762823F85D00E33EEA /* DeviceData.swift */ = {isa = PBXFileReference; lastKnownFileType = sourcecode.swift; name = DeviceData.swift; path = ../DeviceData.swift; sourceTree = "<group>"; };
		E57AD57D282462D900E33EEA /* ko */ = {isa = PBXFileReference; lastKnownFileType = text.plist.strings; name = ko; path = ko.lproj/Localizable.strings; sourceTree = "<group>"; };
		E5DBC9A32B828DF4003E0A28 /* LV_IMG_Convert.swift */ = {isa = PBXFileReference; lastKnownFileType = sourcecode.swift; path = LV_IMG_Convert.swift; sourceTree = "<group>"; };
		E5E7F7A92B6564E9005E4277 /* BLE_FS.swift */ = {isa = PBXFileReference; lastKnownFileType = sourcecode.swift; path = BLE_FS.swift; sourceTree = "<group>"; };
		E5EEB1D32803438200FB0C11 /* RenameView.swift */ = {isa = PBXFileReference; fileEncoding = 4; lastKnownFileType = sourcecode.swift; path = RenameView.swift; sourceTree = "<group>"; };
		E5EEB1D728034EA500FB0C11 /* HeartView.swift */ = {isa = PBXFileReference; fileEncoding = 4; lastKnownFileType = sourcecode.swift; path = HeartView.swift; sourceTree = "<group>"; };
		E5EEB1D828034EA500FB0C11 /* BatteryView.swift */ = {isa = PBXFileReference; fileEncoding = 4; lastKnownFileType = sourcecode.swift; path = BatteryView.swift; sourceTree = "<group>"; };
		E5EEB1DD2803780C00FB0C11 /* StepsView.swift */ = {isa = PBXFileReference; fileEncoding = 4; lastKnownFileType = sourcecode.swift; path = StepsView.swift; sourceTree = "<group>"; };
		F99B8DCC276778FF0096A84D /* ru */ = {isa = PBXFileReference; lastKnownFileType = text.plist.strings; name = ru; path = ru.lproj/Localizable.strings; sourceTree = "<group>"; };
		F9A88B652765357600B2B94C /* en */ = {isa = PBXFileReference; lastKnownFileType = text.plist.strings; name = en; path = en.lproj/Localizable.strings; sourceTree = "<group>"; };
/* End PBXFileReference section */

/* Begin PBXFrameworksBuildPhase section */
		264BFE3B26BC51CE0050A223 /* Frameworks */ = {
			isa = PBXFrameworksBuildPhase;
			buildActionMask = 2147483647;
			files = (
				E59398FA2B58DA1F00D5840A /* SwiftyJSON in Frameworks */,
				263B20C526CEB46800676BF0 /* SwiftUICharts in Frameworks */,
				E53F51352B718E4A008D4CE6 /* Zip in Frameworks */,
				26A6315E26C498B7005AE404 /* NordicDFU in Frameworks */,
			);
			runOnlyForDeploymentPostprocessing = 0;
		};
		264BFE5126BC51CF0050A223 /* Frameworks */ = {
			isa = PBXFrameworksBuildPhase;
			buildActionMask = 2147483647;
			files = (
			);
			runOnlyForDeploymentPostprocessing = 0;
		};
		264BFE5C26BC51CF0050A223 /* Frameworks */ = {
			isa = PBXFrameworksBuildPhase;
			buildActionMask = 2147483647;
			files = (
			);
			runOnlyForDeploymentPostprocessing = 0;
		};
/* End PBXFrameworksBuildPhase section */

/* Begin PBXGroup section */
		2601AF68272210EB00D999EF /* Steps View Components */ = {
			isa = PBXGroup;
			children = (
				2601AF692722110700D999EF /* StepProgressGauge.swift */,
				267C2EF7273C8AB300F464B0 /* StepWeeklyGraph.swift */,
				263462EB2729F64600D3278D /* StepCalendar */,
			);
			path = "Steps View Components";
			sourceTree = "<group>";
		};
		263462EB2729F64600D3278D /* StepCalendar */ = {
			isa = PBXGroup;
			children = (
				263462E92729B71500D3278D /* StepCalendarView.swift */,
				263462EC2729F68600D3278D /* CalendarView.swift */,
				263462EE2729F6C000D3278D /* CalendarViewExtensions.swift */,
			);
			path = StepCalendar;
			sourceTree = "<group>";
		};
		263B20B626CD673D00676BF0 /* Chart View Components */ = {
			isa = PBXGroup;
			children = (
				E515FB0A284C54690040B582 /* BatteryChartComponents.swift */,
				E515FB0B284C54690040B582 /* HeartChartComponents.swift */,
				E528604F282C5ED300C06FA0 /* ChartViewComponents.swift */,
				263B20B926CDF13400676BF0 /* HeartChart.swift */,
				E097C1182B4F0B7E005293D8 /* BatteryChart.swift */,
				266F53E326F7FCA6007481A6 /* ChartManager.swift */,
			);
			path = "Chart View Components";
			sourceTree = "<group>";
		};
		263B20C826CF07BE00676BF0 /* DFU View */ = {
			isa = PBXGroup;
			children = (
				26A6315F26C4BC25005AE404 /* DFUView.swift */,
				2632388326F2531C00D72B43 /* DFUWithBLE.swift */,
				2632388526F2548600D72B43 /* DFUWithoutBLE.swift */,
				2632388926F2591900D72B43 /* DFUStartTransferButton.swift */,
				263B20C626CF07BB00676BF0 /* DFUProgressBar.swift */,
			);
			path = "DFU View";
			sourceTree = "<group>";
		};
		264BFE3526BC51CE0050A223 = {
			isa = PBXGroup;
			children = (
				264BFE4026BC51CE0050A223 /* InfiniLink */,
				264BFE5726BC51CF0050A223 /* InfiniLinkTests */,
				264BFE6226BC51CF0050A223 /* InfiniLinkUITests */,
				264BFE7726BCAAC00050A223 /* README.md */,
				2656FD9A26D1B30C001EF20C /* PrivacyPolicy.md */,
				264BFE3F26BC51CE0050A223 /* Products */,
			);
			sourceTree = "<group>";
		};
		264BFE3F26BC51CE0050A223 /* Products */ = {
			isa = PBXGroup;
			children = (
				264BFE3E26BC51CE0050A223 /* InfiniLink.app */,
				264BFE5426BC51CF0050A223 /* InfiniLinkTests.xctest */,
				264BFE5F26BC51CF0050A223 /* InfiniLinkUITests.xctest */,
			);
			name = Products;
			sourceTree = "<group>";
		};
		264BFE4026BC51CE0050A223 /* InfiniLink */ = {
			isa = PBXGroup;
			children = (
				E53195452B792E61004FECB4 /* Resources */,
				E53195302B792E2E004FECB4 /* Fonts */,
				264DB80926C62EAC00E812C3 /* View Components */,
				26D7816826C9F02A00BBF555 /* Settings */,
				26A6316126C4C6BB005AE404 /* BLE */,
				E03544142B59648D00FEA7AA /* Weather */,
				26A6315926C49839005AE404 /* DFU */,
				26A6314E26BF0FA2005AE404 /* Music */,
				26D7817826CAD18B00BBF555 /* Utilities */,
				264BFE4126BC51CE0050A223 /* InfiniLinkApp.swift */,
				264BFE4326BC51CE0050A223 /* ContentView.swift */,
				E06973AA2B35E6F4009C2F7D /* InfiniLink.entitlements */,
				264BFE4526BC51CF0050A223 /* Assets.xcassets */,
				264BFE4F26BC51CF0050A223 /* Info.plist */,
				2601AF612721D0BF00D999EF /* InfiniLink.xcdatamodeld */,
				264BFE4726BC51CF0050A223 /* Preview Content */,
				F9A88B662765357600B2B94C /* Localizable.strings */,
			);
			path = InfiniLink;
			sourceTree = "<group>";
		};
		264BFE4726BC51CF0050A223 /* Preview Content */ = {
			isa = PBXGroup;
			children = (
				264BFE4826BC51CF0050A223 /* Preview Assets.xcassets */,
			);
			path = "Preview Content";
			sourceTree = "<group>";
		};
		264BFE5726BC51CF0050A223 /* InfiniLinkTests */ = {
			isa = PBXGroup;
			children = (
				264BFE5826BC51CF0050A223 /* InfiniLinkTests.swift */,
				264BFE5A26BC51CF0050A223 /* Info.plist */,
			);
			path = InfiniLinkTests;
			sourceTree = "<group>";
		};
		264BFE6226BC51CF0050A223 /* InfiniLinkUITests */ = {
			isa = PBXGroup;
			children = (
				264BFE6326BC51CF0050A223 /* InfiniLinkUITests.swift */,
				264BFE6526BC51CF0050A223 /* Info.plist */,
			);
			path = InfiniLinkUITests;
			sourceTree = "<group>";
		};
		264DB80926C62EAC00E812C3 /* View Components */ = {
			isa = PBXGroup;
			children = (
				26A40EE6270A1F78007966F6 /* Home View */,
				E515FB12284C55540040B582 /* ChartOverview.swift */,
				E5EEB1DD2803780C00FB0C11 /* StepsView.swift */,
				E5EEB1D828034EA500FB0C11 /* BatteryView.swift */,
				E5EEB1D728034EA500FB0C11 /* HeartView.swift */,
				26D7816F26CA004B00BBF555 /* SettingsView.swift */,
				E0BFBF762B3662A600055A2B /* ConnectionHelpView.swift */,
				2601AF68272210EB00D999EF /* Steps View Components */,
				26A40E872704E964007966F6 /* Debug View */,
				26C5FAD626FC126F00921207 /* Sheets */,
				263B20C826CF07BE00676BF0 /* DFU View */,
				2675CA5826DC5C9400967E4D /* View Utilities */,
				263B20B626CD673D00676BF0 /* Chart View Components */,
			);
			path = "View Components";
			sourceTree = "<group>";
		};
		2675CA5826DC5C9400967E4D /* View Utilities */ = {
			isa = PBXGroup;
			children = (
				E57AD5762823F85D00E33EEA /* DeviceData.swift */,
			);
			path = "View Utilities";
			sourceTree = "<group>";
		};
		26A40E862704E7FD007966F6 /* Debug */ = {
			isa = PBXGroup;
			children = (
				263F56DF26F13E760001BA4F /* DebugManager.swift */,
			);
			path = Debug;
			sourceTree = "<group>";
		};
		26A40E872704E964007966F6 /* Debug View */ = {
			isa = PBXGroup;
			children = (
				26B2BAF626F139D600FBC9CE /* DebugView.swift */,
				26A40E8E270509BA007966F6 /* DebugViewShareButton.swift */,
			);
			path = "Debug View";
			sourceTree = "<group>";
		};
		26A40EE6270A1F78007966F6 /* Home View */ = {
			isa = PBXGroup;
			children = (
				E515FB16284C56480040B582 /* WelcomeView.swift */,
				E515FB14284C56070040B582 /* DeviceView.swift */,
				E5EEB1D32803438200FB0C11 /* RenameView.swift */,
				E0F599402B76CABF00BE96A3 /* FileSystemView.swift */,
				E079ED002B78903B0038C0F2 /* WatchSettingsView.swift */,
				E531952C2B792D84004FECB4 /* WatchFace.swift */,
			);
			path = "Home View";
			sourceTree = "<group>";
		};
		26A6314E26BF0FA2005AE404 /* Music */ = {
			isa = PBXGroup;
			children = (
				26A6314C26BEFD2C005AE404 /* MusicController.swift */,
			);
			path = Music;
			sourceTree = "<group>";
		};
		26A6315926C49839005AE404 /* DFU */ = {
			isa = PBXGroup;
			children = (
				26C5FAE7270100FF00921207 /* DownloadManager.swift */,
				26A6315A26C49841005AE404 /* DFU.swift */,
			);
			path = DFU;
			sourceTree = "<group>";
		};
		26A6316126C4C6BB005AE404 /* BLE */ = {
			isa = PBXGroup;
			children = (
				264BFE7326BC526C0050A223 /* BLEManager.swift */,
				26D7816426C9EB3800BBF555 /* BLEDelegates.swift */,
				26A40E902707C7A3007966F6 /* BLEDiscoveredCharacteristics.swift */,
				26A40E922707D119007966F6 /* BLEUpdateHandler.swift */,
				26C5FAE026FE98F500921207 /* BLEAutoconnectManager.swift */,
				26A6315426C0297A005AE404 /* BLEWriteManager.swift */,
				2644261126DC093D009BD54A /* SetTime.swift */,
				266F53E926FA91F3007481A6 /* DeviceInfo.swift */,
				E515FB1A284C58AA0040B582 /* BLEManagerVariables.swift */,
				E5E7F7A92B6564E9005E4277 /* BLE_FS.swift */,
			);
			path = BLE;
			sourceTree = "<group>";
		};
		26C5FAD626FC126F00921207 /* Sheets */ = {
			isa = PBXGroup;
			children = (
				267C2EF9273DB62800F464B0 /* StepsSettingsSheet.swift */,
				26A6316226C4C6D6005AE404 /* BLEConnectView.swift */,
				26A40E842704E6F3007966F6 /* SheetManager.swift */,
				268E773B27174A2B000DF90D /* ChartSettingsSheetMain.swift */,
				26C5FAD726FC129400921207 /* ArbitraryNotificationView.swift */,
				26C5FAE226FEB0A400921207 /* DFUDownloadView.swift */,
				26C5FADB26FE7EB000921207 /* SheetCloseButton.swift */,
				2644261526DC1D8E009BD54A /* Onboarding.swift */,
				2617EF3827036C9B00FE6F48 /* WhatsNewSheet.swift */,
			);
			path = Sheets;
			sourceTree = "<group>";
		};
		26D7816826C9F02A00BBF555 /* Settings */ = {
			isa = PBXGroup;
			children = (
				26D7816D26CA003B00BBF555 /* SettingsFunctions.swift */,
			);
			path = Settings;
			sourceTree = "<group>";
		};
		26D7817826CAD18B00BBF555 /* Utilities */ = {
			isa = PBXGroup;
			children = (
				26A40E862704E7FD007966F6 /* Debug */,
				264BFE7526BC52720050A223 /* HexStringToData.swift */,
				264AE04527026BD6001504A7 /* UptimeManager.swift */,
				26D7817926CAD19F00BBF555 /* ColorPalette.swift */,
				26C5FAD426FBB76100921207 /* DeviceNameManager.swift */,
				2691472F272A09D8004A61BD /* StepCountPersistenceManager.swift */,
				E0F69E0F2B35E44C00D41F94 /* HealthKitManager.swift */,
				E0EC91C02B47213F007472EC /* NotificationManager.swift */,
				E021DAB22B489F58005C5E51 /* Extensions.swift */,
				264BFE4A26BC51CF0050A223 /* Persistence.swift */,
				E5DBC9A32B828DF4003E0A28 /* LV_IMG_Convert.swift */,
			);
			path = Utilities;
			sourceTree = "<group>";
		};
		E03544142B59648D00FEA7AA /* Weather */ = {
			isa = PBXGroup;
			children = (
				E0A1477D2B5EC56E000193E9 /* Views */,
				E57654022B5781970059C8EF /* WeatherController.swift */,
			);
			path = Weather;
			sourceTree = "<group>";
		};
		E0A1477D2B5EC56E000193E9 /* Views */ = {
			isa = PBXGroup;
			children = (
				E0A1477E2B5EC57F000193E9 /* WeatherSetLocationView.swift */,
			);
			path = Views;
			sourceTree = "<group>";
		};
		E53195302B792E2E004FECB4 /* Fonts */ = {
			isa = PBXGroup;
			children = (
				E53195322B792E3B004FECB4 /* BebasNeue-Regular.ttf */,
				E531953A2B792E3C004FECB4 /* JetBrainsMono-Bold.ttf */,
				E53195362B792E3B004FECB4 /* JetBrainsMono-ExtraBold.ttf */,
				E53195352B792E3B004FECB4 /* JetBrainsMono-Light.ttf */,
				E53195342B792E3B004FECB4 /* JetBrainsMono-Regular.ttf */,
				E53195332B792E3B004FECB4 /* MaterialIcons-Regular.ttf */,
				E53195382B792E3C004FECB4 /* navigation.ttf */,
				E53195372B792E3C004FECB4 /* open_sans_light.ttf */,
				E53195392B792E3C004FECB4 /* repetitionscrolling.ttf */,
				E53195312B792E3B004FECB4 /* Teko-Light.ttf */,
			);
			path = Fonts;
			sourceTree = "<group>";
		};
		E53195452B792E61004FECB4 /* Resources */ = {
			isa = PBXGroup;
			children = (
				E53195492B792E6B004FECB4 /* battery.png */,
				E53195482B792E6B004FECB4 /* infinitime-nb.png */,
				E53195462B792E6B004FECB4 /* navigation0.png */,
				E531954B2B792E6B004FECB4 /* navigation1.png */,
				E53195472B792E6B004FECB4 /* pine_logo.png */,
				E531954A2B792E6B004FECB4 /* pine_logo.svg */,
			);
			path = Resources;
			sourceTree = "<group>";
		};
/* End PBXGroup section */

/* Begin PBXNativeTarget section */
		264BFE3D26BC51CE0050A223 /* InfiniLink */ = {
			isa = PBXNativeTarget;
			buildConfigurationList = 264BFE6826BC51CF0050A223 /* Build configuration list for PBXNativeTarget "InfiniLink" */;
			buildPhases = (
				264BFE3A26BC51CE0050A223 /* Sources */,
				264BFE3B26BC51CE0050A223 /* Frameworks */,
				264BFE3C26BC51CE0050A223 /* Resources */,
			);
			buildRules = (
			);
			dependencies = (
			);
			name = InfiniLink;
			packageProductDependencies = (
				26A6315D26C498B7005AE404 /* NordicDFU */,
				263B20C426CEB46800676BF0 /* SwiftUICharts */,
				E59398F92B58DA1F00D5840A /* SwiftyJSON */,
				E53F51342B718E4A008D4CE6 /* Zip */,
			);
			productName = "Infini-iOS";
			productReference = 264BFE3E26BC51CE0050A223 /* InfiniLink.app */;
			productType = "com.apple.product-type.application";
		};
		264BFE5326BC51CF0050A223 /* InfiniLinkTests */ = {
			isa = PBXNativeTarget;
			buildConfigurationList = 264BFE6B26BC51CF0050A223 /* Build configuration list for PBXNativeTarget "InfiniLinkTests" */;
			buildPhases = (
				264BFE5026BC51CF0050A223 /* Sources */,
				264BFE5126BC51CF0050A223 /* Frameworks */,
				264BFE5226BC51CF0050A223 /* Resources */,
			);
			buildRules = (
			);
			dependencies = (
				264BFE5626BC51CF0050A223 /* PBXTargetDependency */,
			);
			name = InfiniLinkTests;
			productName = "Infini-iOSTests";
			productReference = 264BFE5426BC51CF0050A223 /* InfiniLinkTests.xctest */;
			productType = "com.apple.product-type.bundle.unit-test";
		};
		264BFE5E26BC51CF0050A223 /* InfiniLinkUITests */ = {
			isa = PBXNativeTarget;
			buildConfigurationList = 264BFE6E26BC51CF0050A223 /* Build configuration list for PBXNativeTarget "InfiniLinkUITests" */;
			buildPhases = (
				264BFE5B26BC51CF0050A223 /* Sources */,
				264BFE5C26BC51CF0050A223 /* Frameworks */,
				264BFE5D26BC51CF0050A223 /* Resources */,
			);
			buildRules = (
			);
			dependencies = (
				264BFE6126BC51CF0050A223 /* PBXTargetDependency */,
			);
			name = InfiniLinkUITests;
			productName = "Infini-iOSUITests";
			productReference = 264BFE5F26BC51CF0050A223 /* InfiniLinkUITests.xctest */;
			productType = "com.apple.product-type.bundle.ui-testing";
		};
/* End PBXNativeTarget section */

/* Begin PBXProject section */
		264BFE3626BC51CE0050A223 /* Project object */ = {
			isa = PBXProject;
			attributes = {
				BuildIndependentTargetsInParallel = YES;
				LastSwiftUpdateCheck = 1250;
				LastUpgradeCheck = 1510;
				TargetAttributes = {
					264BFE3D26BC51CE0050A223 = {
						CreatedOnToolsVersion = 12.5.1;
					};
					264BFE5326BC51CF0050A223 = {
						CreatedOnToolsVersion = 12.5.1;
						TestTargetID = 264BFE3D26BC51CE0050A223;
					};
					264BFE5E26BC51CF0050A223 = {
						CreatedOnToolsVersion = 12.5.1;
						TestTargetID = 264BFE3D26BC51CE0050A223;
					};
				};
			};
			buildConfigurationList = 264BFE3926BC51CE0050A223 /* Build configuration list for PBXProject "InfiniLink" */;
			compatibilityVersion = "Xcode 9.3";
			developmentRegion = en;
			hasScannedForEncodings = 0;
			knownRegions = (
				en,
				ru,
				fr,
				Base,
				ko,
				"zh-Hant",
			);
			mainGroup = 264BFE3526BC51CE0050A223;
			packageReferences = (
				26A6315C26C498B7005AE404 /* XCRemoteSwiftPackageReference "IOS-DFU-Library" */,
				263B20C326CEB46800676BF0 /* XCRemoteSwiftPackageReference "SwiftUICharts" */,
				E59398F82B58DA1F00D5840A /* XCRemoteSwiftPackageReference "SwiftyJSON" */,
				E53F51332B718E4A008D4CE6 /* XCRemoteSwiftPackageReference "Zip" */,
			);
			productRefGroup = 264BFE3F26BC51CE0050A223 /* Products */;
			projectDirPath = "";
			projectRoot = "";
			targets = (
				264BFE3D26BC51CE0050A223 /* InfiniLink */,
				264BFE5326BC51CF0050A223 /* InfiniLinkTests */,
				264BFE5E26BC51CF0050A223 /* InfiniLinkUITests */,
			);
		};
/* End PBXProject section */

/* Begin PBXResourcesBuildPhase section */
		264BFE3C26BC51CE0050A223 /* Resources */ = {
			isa = PBXResourcesBuildPhase;
			buildActionMask = 2147483647;
			files = (
				E53195402B792E3C004FECB4 /* JetBrainsMono-ExtraBold.ttf in Resources */,
				E531954E2B792E6B004FECB4 /* infinitime-nb.png in Resources */,
				E531953F2B792E3C004FECB4 /* JetBrainsMono-Light.ttf in Resources */,
				E53195432B792E3C004FECB4 /* repetitionscrolling.ttf in Resources */,
				264BFE7826BCAAC00050A223 /* README.md in Resources */,
				F9A88B642765357600B2B94C /* Localizable.strings in Resources */,
				E531953C2B792E3C004FECB4 /* BebasNeue-Regular.ttf in Resources */,
				E53195412B792E3C004FECB4 /* open_sans_light.ttf in Resources */,
				E531954C2B792E6B004FECB4 /* navigation0.png in Resources */,
				E53195442B792E3C004FECB4 /* JetBrainsMono-Bold.ttf in Resources */,
				E531953D2B792E3C004FECB4 /* MaterialIcons-Regular.ttf in Resources */,
				E53195512B792E6B004FECB4 /* navigation1.png in Resources */,
				264BFE4926BC51CF0050A223 /* Preview Assets.xcassets in Resources */,
				264BFE4626BC51CF0050A223 /* Assets.xcassets in Resources */,
				E531954F2B792E6B004FECB4 /* battery.png in Resources */,
				E531954D2B792E6B004FECB4 /* pine_logo.png in Resources */,
				E531953B2B792E3C004FECB4 /* Teko-Light.ttf in Resources */,
				E53195422B792E3C004FECB4 /* navigation.ttf in Resources */,
				E53195502B792E6B004FECB4 /* pine_logo.svg in Resources */,
				E531953E2B792E3C004FECB4 /* JetBrainsMono-Regular.ttf in Resources */,
			);
			runOnlyForDeploymentPostprocessing = 0;
		};
		264BFE5226BC51CF0050A223 /* Resources */ = {
			isa = PBXResourcesBuildPhase;
			buildActionMask = 2147483647;
			files = (
			);
			runOnlyForDeploymentPostprocessing = 0;
		};
		264BFE5D26BC51CF0050A223 /* Resources */ = {
			isa = PBXResourcesBuildPhase;
			buildActionMask = 2147483647;
			files = (
			);
			runOnlyForDeploymentPostprocessing = 0;
		};
/* End PBXResourcesBuildPhase section */

/* Begin PBXSourcesBuildPhase section */
		264BFE3A26BC51CE0050A223 /* Sources */ = {
			isa = PBXSourcesBuildPhase;
			buildActionMask = 2147483647;
			files = (
				263B20BA26CDF13400676BF0 /* HeartChart.swift in Sources */,
				26A40E852704E6F3007966F6 /* SheetManager.swift in Sources */,
				E5EEB1DE2803780C00FB0C11 /* StepsView.swift in Sources */,
				26D7817026CA004B00BBF555 /* SettingsView.swift in Sources */,
				264BFE4B26BC51CF0050A223 /* Persistence.swift in Sources */,
				26A40E932707D119007966F6 /* BLEUpdateHandler.swift in Sources */,
				264BFE4426BC51CE0050A223 /* ContentView.swift in Sources */,
				2601AF632721D0BF00D999EF /* InfiniLink.xcdatamodeld in Sources */,
				26A6315526C0297A005AE404 /* BLEWriteManager.swift in Sources */,
				26C5FAE126FE98F500921207 /* BLEAutoconnectManager.swift in Sources */,
				26A6316026C4BC25005AE404 /* DFUView.swift in Sources */,
				26A40E8F270509BA007966F6 /* DebugViewShareButton.swift in Sources */,
				2617EF3927036C9B00FE6F48 /* WhatsNewSheet.swift in Sources */,
				263462EA2729B71500D3278D /* StepCalendarView.swift in Sources */,
				E5EEB1D42803438200FB0C11 /* RenameView.swift in Sources */,
				264AE04627026BD6001504A7 /* UptimeManager.swift in Sources */,
				267C2EFA273DB62800F464B0 /* StepsSettingsSheet.swift in Sources */,
				266F53E426F7FCA6007481A6 /* ChartManager.swift in Sources */,
				268E773C27174A2B000DF90D /* ChartSettingsSheetMain.swift in Sources */,
				E5286050282C5ED300C06FA0 /* ChartViewComponents.swift in Sources */,
				26B2BAF726F139D600FBC9CE /* DebugView.swift in Sources */,
				26A40E912707C7A3007966F6 /* BLEDiscoveredCharacteristics.swift in Sources */,
				264BFE7426BC526C0050A223 /* BLEManager.swift in Sources */,
				E5EEB1D928034EA500FB0C11 /* HeartView.swift in Sources */,
				2644261626DC1D8E009BD54A /* Onboarding.swift in Sources */,
				2632388426F2531C00D72B43 /* DFUWithBLE.swift in Sources */,
				263B20C726CF07BB00676BF0 /* DFUProgressBar.swift in Sources */,
				E515FB1B284C58AA0040B582 /* BLEManagerVariables.swift in Sources */,
				26C5FAE8270100FF00921207 /* DownloadManager.swift in Sources */,
				26A6314D26BEFD2C005AE404 /* MusicController.swift in Sources */,
				E097C1192B4F0B7E005293D8 /* BatteryChart.swift in Sources */,
				264BFE4226BC51CE0050A223 /* InfiniLinkApp.swift in Sources */,
				E531952D2B792D84004FECB4 /* WatchFace.swift in Sources */,
				E0754FDA2B83BBF800B35787 /* LV_IMG_Convert.swift in Sources */,
				E0EC91C12B47213F007472EC /* NotificationManager.swift in Sources */,
				E515FB13284C55540040B582 /* ChartOverview.swift in Sources */,
				263462ED2729F68600D3278D /* CalendarView.swift in Sources */,
				E515FB15284C56070040B582 /* DeviceView.swift in Sources */,
				263F56E026F13E760001BA4F /* DebugManager.swift in Sources */,
				26C5FAD826FC129400921207 /* ArbitraryNotificationView.swift in Sources */,
				E515FB17284C56480040B582 /* WelcomeView.swift in Sources */,
				264BFE7626BC52720050A223 /* HexStringToData.swift in Sources */,
				2632388626F2548600D72B43 /* DFUWithoutBLE.swift in Sources */,
				26914730272A09D8004A61BD /* StepCountPersistenceManager.swift in Sources */,
				E57AD5772823F85D00E33EEA /* DeviceData.swift in Sources */,
				E0BFBF772B3662A600055A2B /* ConnectionHelpView.swift in Sources */,
				E515FB0D284C54690040B582 /* HeartChartComponents.swift in Sources */,
				E0A1477F2B5EC57F000193E9 /* WeatherSetLocationView.swift in Sources */,
				26C5FADC26FE7EB000921207 /* SheetCloseButton.swift in Sources */,
				26C5FAE326FEB0A400921207 /* DFUDownloadView.swift in Sources */,
				E515FB0C284C54690040B582 /* BatteryChartComponents.swift in Sources */,
				E0F69E102B35E44C00D41F94 /* HealthKitManager.swift in Sources */,
				2632388A26F2591900D72B43 /* DFUStartTransferButton.swift in Sources */,
				2644261226DC093D009BD54A /* SetTime.swift in Sources */,
				263462EF2729F6C000D3278D /* CalendarViewExtensions.swift in Sources */,
				E57654032B5781970059C8EF /* WeatherController.swift in Sources */,
				26D7816E26CA003B00BBF555 /* SettingsFunctions.swift in Sources */,
				E5E7F7AA2B6564E9005E4277 /* BLE_FS.swift in Sources */,
				E021DAB32B489F58005C5E51 /* Extensions.swift in Sources */,
				E079ED012B78903B0038C0F2 /* WatchSettingsView.swift in Sources */,
				2601AF6A2722110700D999EF /* StepProgressGauge.swift in Sources */,
				26A6316326C4C6D6005AE404 /* BLEConnectView.swift in Sources */,
				E5EEB1DA28034EA500FB0C11 /* BatteryView.swift in Sources */,
				26D7816526C9EB3800BBF555 /* BLEDelegates.swift in Sources */,
				267C2EF8273C8AB300F464B0 /* StepWeeklyGraph.swift in Sources */,
				26C5FAD526FBB76100921207 /* DeviceNameManager.swift in Sources */,
				26A6315B26C49841005AE404 /* DFU.swift in Sources */,
				26D7817A26CAD19F00BBF555 /* ColorPalette.swift in Sources */,
				266F53EA26FA91F3007481A6 /* DeviceInfo.swift in Sources */,
				E0F599412B76CABF00BE96A3 /* FileSystemView.swift in Sources */,
			);
			runOnlyForDeploymentPostprocessing = 0;
		};
		264BFE5026BC51CF0050A223 /* Sources */ = {
			isa = PBXSourcesBuildPhase;
			buildActionMask = 2147483647;
			files = (
				264BFE5926BC51CF0050A223 /* InfiniLinkTests.swift in Sources */,
			);
			runOnlyForDeploymentPostprocessing = 0;
		};
		264BFE5B26BC51CF0050A223 /* Sources */ = {
			isa = PBXSourcesBuildPhase;
			buildActionMask = 2147483647;
			files = (
				264BFE6426BC51CF0050A223 /* InfiniLinkUITests.swift in Sources */,
			);
			runOnlyForDeploymentPostprocessing = 0;
		};
/* End PBXSourcesBuildPhase section */

/* Begin PBXTargetDependency section */
		264BFE5626BC51CF0050A223 /* PBXTargetDependency */ = {
			isa = PBXTargetDependency;
			target = 264BFE3D26BC51CE0050A223 /* InfiniLink */;
			targetProxy = 264BFE5526BC51CF0050A223 /* PBXContainerItemProxy */;
		};
		264BFE6126BC51CF0050A223 /* PBXTargetDependency */ = {
			isa = PBXTargetDependency;
			target = 264BFE3D26BC51CE0050A223 /* InfiniLink */;
			targetProxy = 264BFE6026BC51CF0050A223 /* PBXContainerItemProxy */;
		};
/* End PBXTargetDependency section */

/* Begin PBXVariantGroup section */
		F9A88B662765357600B2B94C /* Localizable.strings */ = {
			isa = PBXVariantGroup;
			children = (
				F9A88B652765357600B2B94C /* en */,
				F99B8DCC276778FF0096A84D /* ru */,
				22F9534327AF34C200729BF5 /* fr */,
				E57AD57D282462D900E33EEA /* ko */,
				9255940428BB5342001602F1 /* zh-Hant */,
			);
			name = Localizable.strings;
			sourceTree = "<group>";
		};
/* End PBXVariantGroup section */

/* Begin XCBuildConfiguration section */
		264BFE6626BC51CF0050A223 /* Debug */ = {
			isa = XCBuildConfiguration;
			buildSettings = {
				ALWAYS_SEARCH_USER_PATHS = NO;
				ASSETCATALOG_COMPILER_GENERATE_SWIFT_ASSET_SYMBOL_EXTENSIONS = YES;
				CLANG_ANALYZER_LOCALIZABILITY_NONLOCALIZED = YES;
				CLANG_ANALYZER_NONNULL = YES;
				CLANG_ANALYZER_NUMBER_OBJECT_CONVERSION = YES_AGGRESSIVE;
				CLANG_CXX_LANGUAGE_STANDARD = "gnu++14";
				CLANG_CXX_LIBRARY = "libc++";
				CLANG_ENABLE_MODULES = YES;
				CLANG_ENABLE_OBJC_ARC = YES;
				CLANG_ENABLE_OBJC_WEAK = YES;
				CLANG_WARN_BLOCK_CAPTURE_AUTORELEASING = YES;
				CLANG_WARN_BOOL_CONVERSION = YES;
				CLANG_WARN_COMMA = YES;
				CLANG_WARN_CONSTANT_CONVERSION = YES;
				CLANG_WARN_DEPRECATED_OBJC_IMPLEMENTATIONS = YES;
				CLANG_WARN_DIRECT_OBJC_ISA_USAGE = YES_ERROR;
				CLANG_WARN_DOCUMENTATION_COMMENTS = YES;
				CLANG_WARN_EMPTY_BODY = YES;
				CLANG_WARN_ENUM_CONVERSION = YES;
				CLANG_WARN_INFINITE_RECURSION = YES;
				CLANG_WARN_INT_CONVERSION = YES;
				CLANG_WARN_NON_LITERAL_NULL_CONVERSION = YES;
				CLANG_WARN_OBJC_IMPLICIT_RETAIN_SELF = YES;
				CLANG_WARN_OBJC_LITERAL_CONVERSION = YES;
				CLANG_WARN_OBJC_ROOT_CLASS = YES_ERROR;
				CLANG_WARN_QUOTED_INCLUDE_IN_FRAMEWORK_HEADER = YES;
				CLANG_WARN_RANGE_LOOP_ANALYSIS = YES;
				CLANG_WARN_STRICT_PROTOTYPES = YES;
				CLANG_WARN_SUSPICIOUS_MOVE = YES;
				CLANG_WARN_UNGUARDED_AVAILABILITY = YES_AGGRESSIVE;
				CLANG_WARN_UNREACHABLE_CODE = YES;
				CLANG_WARN__DUPLICATE_METHOD_MATCH = YES;
				COPY_PHASE_STRIP = NO;
				DEBUG_INFORMATION_FORMAT = dwarf;
				ENABLE_STRICT_OBJC_MSGSEND = YES;
				ENABLE_TESTABILITY = YES;
				ENABLE_USER_SCRIPT_SANDBOXING = YES;
				GCC_C_LANGUAGE_STANDARD = gnu11;
				GCC_DYNAMIC_NO_PIC = NO;
				GCC_NO_COMMON_BLOCKS = YES;
				GCC_OPTIMIZATION_LEVEL = 0;
				GCC_PREPROCESSOR_DEFINITIONS = (
					"DEBUG=1",
					"$(inherited)",
				);
				GCC_WARN_64_TO_32_BIT_CONVERSION = YES;
				GCC_WARN_ABOUT_RETURN_TYPE = YES_ERROR;
				GCC_WARN_UNDECLARED_SELECTOR = YES;
				GCC_WARN_UNINITIALIZED_AUTOS = YES_AGGRESSIVE;
				GCC_WARN_UNUSED_FUNCTION = YES;
				GCC_WARN_UNUSED_VARIABLE = YES;
				IPHONEOS_DEPLOYMENT_TARGET = 14.5;
				MTL_ENABLE_DEBUG_INFO = INCLUDE_SOURCE;
				MTL_FAST_MATH = YES;
				ONLY_ACTIVE_ARCH = YES;
				SDKROOT = iphoneos;
				SWIFT_ACTIVE_COMPILATION_CONDITIONS = DEBUG;
				SWIFT_OPTIMIZATION_LEVEL = "-Onone";
			};
			name = Debug;
		};
		264BFE6726BC51CF0050A223 /* Release */ = {
			isa = XCBuildConfiguration;
			buildSettings = {
				ALWAYS_SEARCH_USER_PATHS = NO;
				ASSETCATALOG_COMPILER_GENERATE_SWIFT_ASSET_SYMBOL_EXTENSIONS = YES;
				CLANG_ANALYZER_LOCALIZABILITY_NONLOCALIZED = YES;
				CLANG_ANALYZER_NONNULL = YES;
				CLANG_ANALYZER_NUMBER_OBJECT_CONVERSION = YES_AGGRESSIVE;
				CLANG_CXX_LANGUAGE_STANDARD = "gnu++14";
				CLANG_CXX_LIBRARY = "libc++";
				CLANG_ENABLE_MODULES = YES;
				CLANG_ENABLE_OBJC_ARC = YES;
				CLANG_ENABLE_OBJC_WEAK = YES;
				CLANG_WARN_BLOCK_CAPTURE_AUTORELEASING = YES;
				CLANG_WARN_BOOL_CONVERSION = YES;
				CLANG_WARN_COMMA = YES;
				CLANG_WARN_CONSTANT_CONVERSION = YES;
				CLANG_WARN_DEPRECATED_OBJC_IMPLEMENTATIONS = YES;
				CLANG_WARN_DIRECT_OBJC_ISA_USAGE = YES_ERROR;
				CLANG_WARN_DOCUMENTATION_COMMENTS = YES;
				CLANG_WARN_EMPTY_BODY = YES;
				CLANG_WARN_ENUM_CONVERSION = YES;
				CLANG_WARN_INFINITE_RECURSION = YES;
				CLANG_WARN_INT_CONVERSION = YES;
				CLANG_WARN_NON_LITERAL_NULL_CONVERSION = YES;
				CLANG_WARN_OBJC_IMPLICIT_RETAIN_SELF = YES;
				CLANG_WARN_OBJC_LITERAL_CONVERSION = YES;
				CLANG_WARN_OBJC_ROOT_CLASS = YES_ERROR;
				CLANG_WARN_QUOTED_INCLUDE_IN_FRAMEWORK_HEADER = YES;
				CLANG_WARN_RANGE_LOOP_ANALYSIS = YES;
				CLANG_WARN_STRICT_PROTOTYPES = YES;
				CLANG_WARN_SUSPICIOUS_MOVE = YES;
				CLANG_WARN_UNGUARDED_AVAILABILITY = YES_AGGRESSIVE;
				CLANG_WARN_UNREACHABLE_CODE = YES;
				CLANG_WARN__DUPLICATE_METHOD_MATCH = YES;
				COPY_PHASE_STRIP = NO;
				DEBUG_INFORMATION_FORMAT = "dwarf-with-dsym";
				ENABLE_NS_ASSERTIONS = NO;
				ENABLE_STRICT_OBJC_MSGSEND = YES;
				ENABLE_USER_SCRIPT_SANDBOXING = YES;
				GCC_C_LANGUAGE_STANDARD = gnu11;
				GCC_NO_COMMON_BLOCKS = YES;
				GCC_WARN_64_TO_32_BIT_CONVERSION = YES;
				GCC_WARN_ABOUT_RETURN_TYPE = YES_ERROR;
				GCC_WARN_UNDECLARED_SELECTOR = YES;
				GCC_WARN_UNINITIALIZED_AUTOS = YES_AGGRESSIVE;
				GCC_WARN_UNUSED_FUNCTION = YES;
				GCC_WARN_UNUSED_VARIABLE = YES;
				IPHONEOS_DEPLOYMENT_TARGET = 14.5;
				MTL_ENABLE_DEBUG_INFO = NO;
				MTL_FAST_MATH = YES;
				SDKROOT = iphoneos;
				SWIFT_COMPILATION_MODE = wholemodule;
				SWIFT_OPTIMIZATION_LEVEL = "-O";
				VALIDATE_PRODUCT = YES;
			};
			name = Release;
		};
		264BFE6926BC51CF0050A223 /* Debug */ = {
			isa = XCBuildConfiguration;
			buildSettings = {
				ASSETCATALOG_COMPILER_APPICON_NAME = "AppIcon-3";
				ASSETCATALOG_COMPILER_GLOBAL_ACCENT_COLOR_NAME = AccentColor;
				ASSETCATALOG_COMPILER_INCLUDE_ALL_APPICON_ASSETS = YES;
				CODE_SIGN_ENTITLEMENTS = InfiniLink/InfiniLink.entitlements;
				CODE_SIGN_IDENTITY = "Apple Development";
				CODE_SIGN_STYLE = Automatic;
				CURRENT_PROJECT_VERSION = 1;
				DEVELOPMENT_ASSET_PATHS = "\"InfiniLink/Preview Content\"";
				DEVELOPMENT_TEAM = Y22PRZL3N4;
				ENABLE_PREVIEWS = YES;
				INFOPLIST_FILE = InfiniLink/Info.plist;
				INFOPLIST_KEY_LSApplicationCategoryType = "public.app-category.utilities";
				IPHONEOS_DEPLOYMENT_TARGET = 15.0;
				LD_RUNPATH_SEARCH_PATHS = (
					"$(inherited)",
					"@executable_path/Frameworks",
				);
				MARKETING_VERSION = 1.2.0;
				PRODUCT_BUNDLE_IDENTIFIER = com.infinitimeorg.InfiniLink;
				PRODUCT_NAME = "$(TARGET_NAME)";
				PROVISIONING_PROFILE_SPECIFIER = "";
				SWIFT_VERSION = 5.0;
				TARGETED_DEVICE_FAMILY = 1;
			};
			name = Debug;
		};
		264BFE6A26BC51CF0050A223 /* Release */ = {
			isa = XCBuildConfiguration;
			buildSettings = {
				ASSETCATALOG_COMPILER_APPICON_NAME = "AppIcon-3";
				ASSETCATALOG_COMPILER_GLOBAL_ACCENT_COLOR_NAME = AccentColor;
				ASSETCATALOG_COMPILER_INCLUDE_ALL_APPICON_ASSETS = YES;
				CODE_SIGN_ENTITLEMENTS = InfiniLink/InfiniLink.entitlements;
				CODE_SIGN_IDENTITY = "Apple Development";
				CODE_SIGN_STYLE = Automatic;
				CURRENT_PROJECT_VERSION = 1;
				DEVELOPMENT_ASSET_PATHS = "\"InfiniLink/Preview Content\"";
				DEVELOPMENT_TEAM = Y22PRZL3N4;
				ENABLE_PREVIEWS = YES;
				INFOPLIST_FILE = InfiniLink/Info.plist;
				INFOPLIST_KEY_LSApplicationCategoryType = "public.app-category.utilities";
				IPHONEOS_DEPLOYMENT_TARGET = 15.0;
				LD_RUNPATH_SEARCH_PATHS = (
					"$(inherited)",
					"@executable_path/Frameworks",
				);
				MARKETING_VERSION = 1.2.0;
				PRODUCT_BUNDLE_IDENTIFIER = com.infinitimeorg.InfiniLink;
				PRODUCT_NAME = "$(TARGET_NAME)";
				PROVISIONING_PROFILE_SPECIFIER = "";
				SWIFT_VERSION = 5.0;
				TARGETED_DEVICE_FAMILY = 1;
			};
			name = Release;
		};
		264BFE6C26BC51CF0050A223 /* Debug */ = {
			isa = XCBuildConfiguration;
			buildSettings = {
				ALWAYS_EMBED_SWIFT_STANDARD_LIBRARIES = YES;
				BUNDLE_LOADER = "$(TEST_HOST)";
				CODE_SIGN_STYLE = Automatic;
				DEVELOPMENT_TEAM = 99BHY6DC82;
				INFOPLIST_FILE = InfiniLinkTests/Info.plist;
				IPHONEOS_DEPLOYMENT_TARGET = 14.0;
				LD_RUNPATH_SEARCH_PATHS = (
					"$(inherited)",
					"@executable_path/Frameworks",
					"@loader_path/Frameworks",
				);
				PRODUCT_BUNDLE_IDENTIFIER = "com.xan-m.InfiniLinkTests";
				PRODUCT_NAME = "$(TARGET_NAME)";
				SWIFT_VERSION = 5.0;
				TARGETED_DEVICE_FAMILY = "1,2";
				TEST_HOST = "$(BUILT_PRODUCTS_DIR)/InfiniLink.app/InfiniLink";
			};
			name = Debug;
		};
		264BFE6D26BC51CF0050A223 /* Release */ = {
			isa = XCBuildConfiguration;
			buildSettings = {
				ALWAYS_EMBED_SWIFT_STANDARD_LIBRARIES = YES;
				BUNDLE_LOADER = "$(TEST_HOST)";
				CODE_SIGN_STYLE = Automatic;
				DEVELOPMENT_TEAM = 99BHY6DC82;
				INFOPLIST_FILE = InfiniLinkTests/Info.plist;
				IPHONEOS_DEPLOYMENT_TARGET = 14.0;
				LD_RUNPATH_SEARCH_PATHS = (
					"$(inherited)",
					"@executable_path/Frameworks",
					"@loader_path/Frameworks",
				);
				PRODUCT_BUNDLE_IDENTIFIER = "com.xan-m.InfiniLinkTests";
				PRODUCT_NAME = "$(TARGET_NAME)";
				SWIFT_VERSION = 5.0;
				TARGETED_DEVICE_FAMILY = "1,2";
				TEST_HOST = "$(BUILT_PRODUCTS_DIR)/InfiniLink.app/InfiniLink";
			};
			name = Release;
		};
		264BFE6F26BC51CF0050A223 /* Debug */ = {
			isa = XCBuildConfiguration;
			buildSettings = {
				ALWAYS_EMBED_SWIFT_STANDARD_LIBRARIES = YES;
				CODE_SIGN_STYLE = Automatic;
				DEVELOPMENT_TEAM = 99BHY6DC82;
				INFOPLIST_FILE = InfiniLinkUITests/Info.plist;
				LD_RUNPATH_SEARCH_PATHS = (
					"$(inherited)",
					"@executable_path/Frameworks",
					"@loader_path/Frameworks",
				);
				PRODUCT_BUNDLE_IDENTIFIER = "com.xan-m.InfiniLinkUITests";
				PRODUCT_NAME = "$(TARGET_NAME)";
				SWIFT_VERSION = 5.0;
				TARGETED_DEVICE_FAMILY = "1,2";
				TEST_TARGET_NAME = InfiniLink;
			};
			name = Debug;
		};
		264BFE7026BC51CF0050A223 /* Release */ = {
			isa = XCBuildConfiguration;
			buildSettings = {
				ALWAYS_EMBED_SWIFT_STANDARD_LIBRARIES = YES;
				CODE_SIGN_STYLE = Automatic;
				DEVELOPMENT_TEAM = 99BHY6DC82;
				INFOPLIST_FILE = InfiniLinkUITests/Info.plist;
				LD_RUNPATH_SEARCH_PATHS = (
					"$(inherited)",
					"@executable_path/Frameworks",
					"@loader_path/Frameworks",
				);
				PRODUCT_BUNDLE_IDENTIFIER = "com.xan-m.InfiniLinkUITests";
				PRODUCT_NAME = "$(TARGET_NAME)";
				SWIFT_VERSION = 5.0;
				TARGETED_DEVICE_FAMILY = "1,2";
				TEST_TARGET_NAME = InfiniLink;
			};
			name = Release;
		};
/* End XCBuildConfiguration section */

/* Begin XCConfigurationList section */
		264BFE3926BC51CE0050A223 /* Build configuration list for PBXProject "InfiniLink" */ = {
			isa = XCConfigurationList;
			buildConfigurations = (
				264BFE6626BC51CF0050A223 /* Debug */,
				264BFE6726BC51CF0050A223 /* Release */,
			);
			defaultConfigurationIsVisible = 0;
			defaultConfigurationName = Release;
		};
		264BFE6826BC51CF0050A223 /* Build configuration list for PBXNativeTarget "InfiniLink" */ = {
			isa = XCConfigurationList;
			buildConfigurations = (
				264BFE6926BC51CF0050A223 /* Debug */,
				264BFE6A26BC51CF0050A223 /* Release */,
			);
			defaultConfigurationIsVisible = 0;
			defaultConfigurationName = Release;
		};
		264BFE6B26BC51CF0050A223 /* Build configuration list for PBXNativeTarget "InfiniLinkTests" */ = {
			isa = XCConfigurationList;
			buildConfigurations = (
				264BFE6C26BC51CF0050A223 /* Debug */,
				264BFE6D26BC51CF0050A223 /* Release */,
			);
			defaultConfigurationIsVisible = 0;
			defaultConfigurationName = Release;
		};
		264BFE6E26BC51CF0050A223 /* Build configuration list for PBXNativeTarget "InfiniLinkUITests" */ = {
			isa = XCConfigurationList;
			buildConfigurations = (
				264BFE6F26BC51CF0050A223 /* Debug */,
				264BFE7026BC51CF0050A223 /* Release */,
			);
			defaultConfigurationIsVisible = 0;
			defaultConfigurationName = Release;
		};
/* End XCConfigurationList section */

/* Begin XCRemoteSwiftPackageReference section */
		263B20C326CEB46800676BF0 /* XCRemoteSwiftPackageReference "SwiftUICharts" */ = {
			isa = XCRemoteSwiftPackageReference;
			repositoryURL = "https://github.com/willdale/SwiftUICharts.git";
			requirement = {
				branch = main;
				kind = branch;
			};
		};
		26A6315C26C498B7005AE404 /* XCRemoteSwiftPackageReference "IOS-DFU-Library" */ = {
			isa = XCRemoteSwiftPackageReference;
			repositoryURL = "https://github.com/NordicSemiconductor/IOS-DFU-Library.git";
			requirement = {
				branch = main;
				kind = branch;
			};
		};
		E53F51332B718E4A008D4CE6 /* XCRemoteSwiftPackageReference "Zip" */ = {
			isa = XCRemoteSwiftPackageReference;
			repositoryURL = "https://github.com/marmelroy/Zip.git";
			requirement = {
				kind = upToNextMajorVersion;
				minimumVersion = 2.1.2;
			};
		};
		E59398F82B58DA1F00D5840A /* XCRemoteSwiftPackageReference "SwiftyJSON" */ = {
			isa = XCRemoteSwiftPackageReference;
			repositoryURL = "https://github.com/SwiftyJSON/SwiftyJSON";
			requirement = {
				kind = upToNextMajorVersion;
				minimumVersion = 5.0.1;
			};
		};
/* End XCRemoteSwiftPackageReference section */

/* Begin XCSwiftPackageProductDependency section */
		263B20C426CEB46800676BF0 /* SwiftUICharts */ = {
			isa = XCSwiftPackageProductDependency;
			package = 263B20C326CEB46800676BF0 /* XCRemoteSwiftPackageReference "SwiftUICharts" */;
			productName = SwiftUICharts;
		};
		26A6315D26C498B7005AE404 /* NordicDFU */ = {
			isa = XCSwiftPackageProductDependency;
			package = 26A6315C26C498B7005AE404 /* XCRemoteSwiftPackageReference "IOS-DFU-Library" */;
			productName = NordicDFU;
		};
		E53F51342B718E4A008D4CE6 /* Zip */ = {
			isa = XCSwiftPackageProductDependency;
			package = E53F51332B718E4A008D4CE6 /* XCRemoteSwiftPackageReference "Zip" */;
			productName = Zip;
		};
		E59398F92B58DA1F00D5840A /* SwiftyJSON */ = {
			isa = XCSwiftPackageProductDependency;
			package = E59398F82B58DA1F00D5840A /* XCRemoteSwiftPackageReference "SwiftyJSON" */;
			productName = SwiftyJSON;
		};
/* End XCSwiftPackageProductDependency section */

/* Begin XCVersionGroup section */
		2601AF612721D0BF00D999EF /* InfiniLink.xcdatamodeld */ = {
			isa = XCVersionGroup;
			children = (
				2601AF622721D0BF00D999EF /* InfiniLink.xcdatamodel */,
			);
			currentVersion = 2601AF622721D0BF00D999EF /* InfiniLink.xcdatamodel */;
			path = InfiniLink.xcdatamodeld;
			sourceTree = "<group>";
			versionGroupType = wrapper.xcdatamodel;
		};
/* End XCVersionGroup section */
	};
	rootObject = 264BFE3626BC51CE0050A223 /* Project object */;
}
