// !$*UTF8*$!
{
	archiveVersion = 1;
	classes = {
	};
	objectVersion = 54;
	objects = {

/* Begin PBXBuildFile section */
		264BFE4226BC51CE0050A223 /* InfiniLinkApp.swift in Sources */ = {isa = PBXBuildFile; fileRef = 264BFE4126BC51CE0050A223 /* InfiniLinkApp.swift */; };
		264BFE4426BC51CE0050A223 /* ContentView.swift in Sources */ = {isa = PBXBuildFile; fileRef = 264BFE4326BC51CE0050A223 /* ContentView.swift */; };
		264BFE4626BC51CF0050A223 /* Assets.xcassets in Resources */ = {isa = PBXBuildFile; fileRef = 264BFE4526BC51CF0050A223 /* Assets.xcassets */; };
		264BFE4926BC51CF0050A223 /* Preview Assets.xcassets in Resources */ = {isa = PBXBuildFile; fileRef = 264BFE4826BC51CF0050A223 /* Preview Assets.xcassets */; };
		264BFE5926BC51CF0050A223 /* InfiniLinkTests.swift in Sources */ = {isa = PBXBuildFile; fileRef = 264BFE5826BC51CF0050A223 /* InfiniLinkTests.swift */; };
		264BFE6426BC51CF0050A223 /* InfiniLinkUITests.swift in Sources */ = {isa = PBXBuildFile; fileRef = 264BFE6326BC51CF0050A223 /* InfiniLinkUITests.swift */; };
		E05999992CB25C5600D64E0B /* SleepView.swift in Sources */ = {isa = PBXBuildFile; fileRef = E05999982CB25C5600D64E0B /* SleepView.swift */; };
		E059999C2CB2E56300D64E0B /* AlarmView.swift in Sources */ = {isa = PBXBuildFile; fileRef = E059999B2CB2E56300D64E0B /* AlarmView.swift */; };
		E059999E2CB2E56A00D64E0B /* RemindersView.swift in Sources */ = {isa = PBXBuildFile; fileRef = E059999D2CB2E56A00D64E0B /* RemindersView.swift */; };
		E05999AC2CB2ED7100D64E0B /* repetitionscrolling.ttf in Resources */ = {isa = PBXBuildFile; fileRef = E05999A92CB2ED7100D64E0B /* repetitionscrolling.ttf */; };
		E05999AD2CB2ED7100D64E0B /* open_sans_light.ttf in Resources */ = {isa = PBXBuildFile; fileRef = E05999A82CB2ED7100D64E0B /* open_sans_light.ttf */; };
		E05999AE2CB2ED7100D64E0B /* JetBrainsMono-Light.ttf in Resources */ = {isa = PBXBuildFile; fileRef = E05999A42CB2ED7100D64E0B /* JetBrainsMono-Light.ttf */; };
		E05999AF2CB2ED7100D64E0B /* BebasNeue-Regular.ttf in Resources */ = {isa = PBXBuildFile; fileRef = E05999A12CB2ED7100D64E0B /* BebasNeue-Regular.ttf */; };
		E05999B02CB2ED7100D64E0B /* Teko-Light.ttf in Resources */ = {isa = PBXBuildFile; fileRef = E05999AA2CB2ED7100D64E0B /* Teko-Light.ttf */; };
		E05999B12CB2ED7100D64E0B /* MaterialIcons-Regular.ttf in Resources */ = {isa = PBXBuildFile; fileRef = E05999A62CB2ED7100D64E0B /* MaterialIcons-Regular.ttf */; };
		E05999B22CB2ED7100D64E0B /* 7-Segment.ttf in Resources */ = {isa = PBXBuildFile; fileRef = E05999A02CB2ED7100D64E0B /* 7-Segment.ttf */; };
		E05999B32CB2ED7100D64E0B /* JetBrainsMono-Regular.ttf in Resources */ = {isa = PBXBuildFile; fileRef = E05999A52CB2ED7100D64E0B /* JetBrainsMono-Regular.ttf */; };
		E05999B42CB2ED7100D64E0B /* JetBrainsMono-Bold.ttf in Resources */ = {isa = PBXBuildFile; fileRef = E05999A22CB2ED7100D64E0B /* JetBrainsMono-Bold.ttf */; };
		E05999B52CB2ED7100D64E0B /* JetBrainsMono-ExtraBold.ttf in Resources */ = {isa = PBXBuildFile; fileRef = E05999A32CB2ED7100D64E0B /* JetBrainsMono-ExtraBold.ttf */; };
		E05999B82CB2FC7900D64E0B /* RenameView.swift in Sources */ = {isa = PBXBuildFile; fileRef = E05999B72CB2FC7900D64E0B /* RenameView.swift */; };
		E05999BA2CB335DC00D64E0B /* DataSyncView.swift in Sources */ = {isa = PBXBuildFile; fileRef = E05999B92CB335DC00D64E0B /* DataSyncView.swift */; };
		E05999BC2CB336AE00D64E0B /* HealthKitManager.swift in Sources */ = {isa = PBXBuildFile; fileRef = E05999BB2CB336AE00D64E0B /* HealthKitManager.swift */; };
		E05999BF2CB419D300D64E0B /* InfiniLink.xcdatamodeld in Sources */ = {isa = PBXBuildFile; fileRef = E05999BD2CB419D300D64E0B /* InfiniLink.xcdatamodeld */; };
		E05999C12CB419EB00D64E0B /* PersistenceController.swift in Sources */ = {isa = PBXBuildFile; fileRef = E05999C02CB419EB00D64E0B /* PersistenceController.swift */; };
		E05999FE2CB462BF00D64E0B /* ChartManager.swift in Sources */ = {isa = PBXBuildFile; fileRef = E05999FD2CB462BF00D64E0B /* ChartManager.swift */; };
		E0599A002CB46EB200D64E0B /* StepCountManager.swift in Sources */ = {isa = PBXBuildFile; fileRef = E05999FF2CB46EB100D64E0B /* StepCountManager.swift */; };
		E0599A022CB4C38700D64E0B /* FilesystemView.swift in Sources */ = {isa = PBXBuildFile; fileRef = E0599A012CB4C38700D64E0B /* FilesystemView.swift */; };
		E0599A042CB4C58800D64E0B /* LV_IMG_Convert.swift in Sources */ = {isa = PBXBuildFile; fileRef = E0599A032CB4C58800D64E0B /* LV_IMG_Convert.swift */; };
		E0599A092CB4C77300D64E0B /* FileSystemViewModel.swift in Sources */ = {isa = PBXBuildFile; fileRef = E0599A082CB4C77300D64E0B /* FileSystemViewModel.swift */; };
		E0599A0D2CB4DF0800D64E0B /* FileSystemDetailView.swift in Sources */ = {isa = PBXBuildFile; fileRef = E0599A0C2CB4DF0800D64E0B /* FileSystemDetailView.swift */; };
		E0599A0F2CB4E62800D64E0B /* UserDataCollectionView.swift in Sources */ = {isa = PBXBuildFile; fileRef = E0599A0E2CB4E62800D64E0B /* UserDataCollectionView.swift */; };
		E0599A112CB5553B00D64E0B /* FSFile.swift in Sources */ = {isa = PBXBuildFile; fileRef = E0599A102CB5553B00D64E0B /* FSFile.swift */; };
		E07D8F142CBD688A005C1325 /* CustomizationView.swift in Sources */ = {isa = PBXBuildFile; fileRef = E07D8F132CBD688A005C1325 /* CustomizationView.swift */; };
		E07D8F162CBE1F6F005C1325 /* RemindersManager.swift in Sources */ = {isa = PBXBuildFile; fileRef = E07D8F152CBE1F6F005C1325 /* RemindersManager.swift */; };
		E07D8F182CBE2071005C1325 /* ActionView.swift in Sources */ = {isa = PBXBuildFile; fileRef = E07D8F172CBE2071005C1325 /* ActionView.swift */; };
		E07D8F1E2CBF03E6005C1325 /* WeatherController.swift in Sources */ = {isa = PBXBuildFile; fileRef = E07D8F1D2CBF03E6005C1325 /* WeatherController.swift */; };
		E07D8F202CBF051A005C1325 /* LocationManager.swift in Sources */ = {isa = PBXBuildFile; fileRef = E07D8F1F2CBF051A005C1325 /* LocationManager.swift */; };
		E07D8F222CC00AB0005C1325 /* UnitTemperature+Extension.swift in Sources */ = {isa = PBXBuildFile; fileRef = E07D8F212CC00AB0005C1325 /* UnitTemperature+Extension.swift */; };
		E07D8F242CC012FC005C1325 /* DeviceManager.swift in Sources */ = {isa = PBXBuildFile; fileRef = E07D8F232CC012FC005C1325 /* DeviceManager.swift */; };
		E0A7C06B2CB0DE4C0042A12D /* Weather.swift in Sources */ = {isa = PBXBuildFile; fileRef = E0A7C06A2CB0DE4C0042A12D /* Weather.swift */; };
		E0A7C0732CB0ECCE0042A12D /* NotificationsSettingsView.swift in Sources */ = {isa = PBXBuildFile; fileRef = E0A7C0722CB0ECCE0042A12D /* NotificationsSettingsView.swift */; };
		E0A7C0762CB17E520042A12D /* MusicSettingsView.swift in Sources */ = {isa = PBXBuildFile; fileRef = E0A7C0752CB17E520042A12D /* MusicSettingsView.swift */; };
		E0A7C0782CB193BC0042A12D /* WeatherSettingsView.swift in Sources */ = {isa = PBXBuildFile; fileRef = E0A7C0772CB193BC0042A12D /* WeatherSettingsView.swift */; };
		E0A7C07A2CB1AAAC0042A12D /* BatterySettingsView.swift in Sources */ = {isa = PBXBuildFile; fileRef = E0A7C0792CB1AAAC0042A12D /* BatterySettingsView.swift */; };
		E0A7C07D2CB1AD370042A12D /* MusicController.swift in Sources */ = {isa = PBXBuildFile; fileRef = E0A7C07C2CB1AD370042A12D /* MusicController.swift */; };
		E0A7C07F2CB1B3300042A12D /* BLEFS.swift in Sources */ = {isa = PBXBuildFile; fileRef = E0A7C07E2CB1B3300042A12D /* BLEFS.swift */; };
		E0A7C0822CB1B4990042A12D /* Zip in Frameworks */ = {isa = PBXBuildFile; productRef = E0A7C0812CB1B4990042A12D /* Zip */; };
		E0A7C0842CB1B7A60042A12D /* WatchFaceView.swift in Sources */ = {isa = PBXBuildFile; fileRef = E0A7C0832CB1B7A60042A12D /* WatchFaceView.swift */; };
		E0A7C0862CB1B83E0042A12D /* Color+Extension.swift in Sources */ = {isa = PBXBuildFile; fileRef = E0A7C0852CB1B83E0042A12D /* Color+Extension.swift */; };
		E0A7C0882CB1BBE70042A12D /* GeneralSettingsView.swift in Sources */ = {isa = PBXBuildFile; fileRef = E0A7C0872CB1BBE70042A12D /* GeneralSettingsView.swift */; };
		E0A7C08B2CB1E4CC0042A12D /* SoftwareUpdateView.swift in Sources */ = {isa = PBXBuildFile; fileRef = E0A7C08A2CB1E4CC0042A12D /* SoftwareUpdateView.swift */; };
		E0A7C0922CB1EE8F0042A12D /* DFUUpdater.swift in Sources */ = {isa = PBXBuildFile; fileRef = E0A7C08F2CB1EE8F0042A12D /* DFUUpdater.swift */; };
		E0A7C0932CB1EE8F0042A12D /* DownloadManager.swift in Sources */ = {isa = PBXBuildFile; fileRef = E0A7C0902CB1EE8F0042A12D /* DownloadManager.swift */; };
		E0A7C0962CB1EEB50042A12D /* NordicDFU in Frameworks */ = {isa = PBXBuildFile; productRef = E0A7C0952CB1EEB50042A12D /* NordicDFU */; };
		E0A7C0982CB227060042A12D /* HeartView.swift in Sources */ = {isa = PBXBuildFile; fileRef = E0A7C0972CB227060042A12D /* HeartView.swift */; };
		E0A7C09A2CB2270D0042A12D /* StepsView.swift in Sources */ = {isa = PBXBuildFile; fileRef = E0A7C0992CB2270D0042A12D /* StepsView.swift */; };
		E0A7C09C2CB234450042A12D /* AboutSettingsView.swift in Sources */ = {isa = PBXBuildFile; fileRef = E0A7C09B2CB234450042A12D /* AboutSettingsView.swift */; };
		E0A7C09E2CB2454B0042A12D /* ExerciseView.swift in Sources */ = {isa = PBXBuildFile; fileRef = E0A7C09D2CB2454A0042A12D /* ExerciseView.swift */; };
		E0A7C0A32CB246D10042A12D /* DetailHeaderView.swift in Sources */ = {isa = PBXBuildFile; fileRef = E0A7C0A22CB246D10042A12D /* DetailHeaderView.swift */; };
		E0A7C0A52CB2527F0042A12D /* HeartSettingsView.swift in Sources */ = {isa = PBXBuildFile; fileRef = E0A7C0A42CB2527F0042A12D /* HeartSettingsView.swift */; };
		E0A7C0A72CB257F50042A12D /* GoalsSettingsView.swift in Sources */ = {isa = PBXBuildFile; fileRef = E0A7C0A62CB257F50042A12D /* GoalsSettingsView.swift */; };
		E0B85D1B2CB6243800D85122 /* ExerciseViewModel.swift in Sources */ = {isa = PBXBuildFile; fileRef = E0B85D1A2CB6243800D85122 /* ExerciseViewModel.swift */; };
		E0B85D1F2CB6248000D85122 /* ActiveExerciseView.swift in Sources */ = {isa = PBXBuildFile; fileRef = E0B85D1E2CB6248000D85122 /* ActiveExerciseView.swift */; };
		E0B85D212CB625FE00D85122 /* Exercise.swift in Sources */ = {isa = PBXBuildFile; fileRef = E0B85D202CB625FE00D85122 /* Exercise.swift */; };
		E0B85D5E2CB628E200D85122 /* ExerciseDetailView.swift in Sources */ = {isa = PBXBuildFile; fileRef = E0B85D5D2CB628E200D85122 /* ExerciseDetailView.swift */; };
		E0B85D602CB6D41700D85122 /* FitnessCalculator.swift in Sources */ = {isa = PBXBuildFile; fileRef = E0B85D5F2CB6D41700D85122 /* FitnessCalculator.swift */; };
		E0B85D6F2CB8CDC700D85122 /* Date+Extension.swift in Sources */ = {isa = PBXBuildFile; fileRef = E0B85D6E2CB8CDC700D85122 /* Date+Extension.swift */; };
		E0C7C8392CAEF71F0043DA2D /* WelcomeView.swift in Sources */ = {isa = PBXBuildFile; fileRef = E0C7C8382CAEF71F0043DA2D /* WelcomeView.swift */; };
		E0C7C83F2CAEF91C0043DA2D /* ConnectView.swift in Sources */ = {isa = PBXBuildFile; fileRef = E0C7C83E2CAEF91C0043DA2D /* ConnectView.swift */; };
		E0C7C8472CAF01950043DA2D /* DeviceView.swift in Sources */ = {isa = PBXBuildFile; fileRef = E0C7C8462CAF01950043DA2D /* DeviceView.swift */; };
		E0C7C8532CAF14870043DA2D /* SetTime.swift in Sources */ = {isa = PBXBuildFile; fileRef = E0C7C8512CAF14870043DA2D /* SetTime.swift */; };
		E0C7C8562CAF14870043DA2D /* BLEWriteManager.swift in Sources */ = {isa = PBXBuildFile; fileRef = E0C7C84F2CAF14870043DA2D /* BLEWriteManager.swift */; };
		E0C7C8572CAF14870043DA2D /* BLEDiscoveredCharacteristics.swift in Sources */ = {isa = PBXBuildFile; fileRef = E0C7C84B2CAF14870043DA2D /* BLEDiscoveredCharacteristics.swift */; };
		E0C7C8592CAF14870043DA2D /* BLEUpdateHandler.swift in Sources */ = {isa = PBXBuildFile; fileRef = E0C7C84E2CAF14870043DA2D /* BLEUpdateHandler.swift */; };
		E0C7C85C2CAF14870043DA2D /* BLEManager.swift in Sources */ = {isa = PBXBuildFile; fileRef = E0C7C84C2CAF14870043DA2D /* BLEManager.swift */; };
		E0C7C8612CAF260A0043DA2D /* Localizable.xcstrings in Resources */ = {isa = PBXBuildFile; fileRef = E0C7C8602CAF260A0043DA2D /* Localizable.xcstrings */; };
		E0ED760E2CB5C8B500BC7E44 /* NotificationManager.swift in Sources */ = {isa = PBXBuildFile; fileRef = E0ED760D2CB5C8B500BC7E44 /* NotificationManager.swift */; };
		E0ED76102CB5CA8A00BC7E44 /* PersonalizationController.swift in Sources */ = {isa = PBXBuildFile; fileRef = E0ED760F2CB5CA8A00BC7E44 /* PersonalizationController.swift */; };
/* End PBXBuildFile section */

/* Begin PBXContainerItemProxy section */
		264BFE5526BC51CF0050A223 /* PBXContainerItemProxy */ = {
			isa = PBXContainerItemProxy;
			containerPortal = 264BFE3626BC51CE0050A223 /* Project object */;
			proxyType = 1;
			remoteGlobalIDString = 264BFE3D26BC51CE0050A223;
			remoteInfo = "Infini-iOS";
		};
		264BFE6026BC51CF0050A223 /* PBXContainerItemProxy */ = {
			isa = PBXContainerItemProxy;
			containerPortal = 264BFE3626BC51CE0050A223 /* Project object */;
			proxyType = 1;
			remoteGlobalIDString = 264BFE3D26BC51CE0050A223;
			remoteInfo = "Infini-iOS";
		};
/* End PBXContainerItemProxy section */

/* Begin PBXFileReference section */
		264BFE3E26BC51CE0050A223 /* InfiniLink.app */ = {isa = PBXFileReference; explicitFileType = wrapper.application; includeInIndex = 0; path = InfiniLink.app; sourceTree = BUILT_PRODUCTS_DIR; };
		264BFE4126BC51CE0050A223 /* InfiniLinkApp.swift */ = {isa = PBXFileReference; lastKnownFileType = sourcecode.swift; path = InfiniLinkApp.swift; sourceTree = "<group>"; };
		264BFE4326BC51CE0050A223 /* ContentView.swift */ = {isa = PBXFileReference; lastKnownFileType = sourcecode.swift; path = ContentView.swift; sourceTree = "<group>"; };
		264BFE4526BC51CF0050A223 /* Assets.xcassets */ = {isa = PBXFileReference; lastKnownFileType = folder.assetcatalog; path = Assets.xcassets; sourceTree = "<group>"; };
		264BFE4826BC51CF0050A223 /* Preview Assets.xcassets */ = {isa = PBXFileReference; lastKnownFileType = folder.assetcatalog; path = "Preview Assets.xcassets"; sourceTree = "<group>"; };
		264BFE4F26BC51CF0050A223 /* Info.plist */ = {isa = PBXFileReference; lastKnownFileType = text.plist.xml; path = Info.plist; sourceTree = "<group>"; };
		264BFE5426BC51CF0050A223 /* InfiniLinkTests.xctest */ = {isa = PBXFileReference; explicitFileType = wrapper.cfbundle; includeInIndex = 0; path = InfiniLinkTests.xctest; sourceTree = BUILT_PRODUCTS_DIR; };
		264BFE5826BC51CF0050A223 /* InfiniLinkTests.swift */ = {isa = PBXFileReference; lastKnownFileType = sourcecode.swift; path = InfiniLinkTests.swift; sourceTree = "<group>"; };
		264BFE5A26BC51CF0050A223 /* Info.plist */ = {isa = PBXFileReference; lastKnownFileType = text.plist.xml; path = Info.plist; sourceTree = "<group>"; };
		264BFE5F26BC51CF0050A223 /* InfiniLinkUITests.xctest */ = {isa = PBXFileReference; explicitFileType = wrapper.cfbundle; includeInIndex = 0; path = InfiniLinkUITests.xctest; sourceTree = BUILT_PRODUCTS_DIR; };
		264BFE6326BC51CF0050A223 /* InfiniLinkUITests.swift */ = {isa = PBXFileReference; lastKnownFileType = sourcecode.swift; path = InfiniLinkUITests.swift; sourceTree = "<group>"; };
		264BFE6526BC51CF0050A223 /* Info.plist */ = {isa = PBXFileReference; lastKnownFileType = text.plist.xml; path = Info.plist; sourceTree = "<group>"; };
		E05999982CB25C5600D64E0B /* SleepView.swift */ = {isa = PBXFileReference; lastKnownFileType = sourcecode.swift; path = SleepView.swift; sourceTree = "<group>"; };
		E059999B2CB2E56300D64E0B /* AlarmView.swift */ = {isa = PBXFileReference; lastKnownFileType = sourcecode.swift; path = AlarmView.swift; sourceTree = "<group>"; };
		E059999D2CB2E56A00D64E0B /* RemindersView.swift */ = {isa = PBXFileReference; lastKnownFileType = sourcecode.swift; path = RemindersView.swift; sourceTree = "<group>"; };
		E05999A02CB2ED7100D64E0B /* 7-Segment.ttf */ = {isa = PBXFileReference; lastKnownFileType = file; path = "7-Segment.ttf"; sourceTree = "<group>"; };
		E05999A12CB2ED7100D64E0B /* BebasNeue-Regular.ttf */ = {isa = PBXFileReference; lastKnownFileType = file; path = "BebasNeue-Regular.ttf"; sourceTree = "<group>"; };
		E05999A22CB2ED7100D64E0B /* JetBrainsMono-Bold.ttf */ = {isa = PBXFileReference; lastKnownFileType = file; path = "JetBrainsMono-Bold.ttf"; sourceTree = "<group>"; };
		E05999A32CB2ED7100D64E0B /* JetBrainsMono-ExtraBold.ttf */ = {isa = PBXFileReference; lastKnownFileType = file; path = "JetBrainsMono-ExtraBold.ttf"; sourceTree = "<group>"; };
		E05999A42CB2ED7100D64E0B /* JetBrainsMono-Light.ttf */ = {isa = PBXFileReference; lastKnownFileType = file; path = "JetBrainsMono-Light.ttf"; sourceTree = "<group>"; };
		E05999A52CB2ED7100D64E0B /* JetBrainsMono-Regular.ttf */ = {isa = PBXFileReference; lastKnownFileType = file; path = "JetBrainsMono-Regular.ttf"; sourceTree = "<group>"; };
		E05999A62CB2ED7100D64E0B /* MaterialIcons-Regular.ttf */ = {isa = PBXFileReference; lastKnownFileType = file; path = "MaterialIcons-Regular.ttf"; sourceTree = "<group>"; };
		E05999A82CB2ED7100D64E0B /* open_sans_light.ttf */ = {isa = PBXFileReference; lastKnownFileType = file; path = open_sans_light.ttf; sourceTree = "<group>"; };
		E05999A92CB2ED7100D64E0B /* repetitionscrolling.ttf */ = {isa = PBXFileReference; lastKnownFileType = file; path = repetitionscrolling.ttf; sourceTree = "<group>"; };
		E05999AA2CB2ED7100D64E0B /* Teko-Light.ttf */ = {isa = PBXFileReference; lastKnownFileType = file; path = "Teko-Light.ttf"; sourceTree = "<group>"; };
		E05999B72CB2FC7900D64E0B /* RenameView.swift */ = {isa = PBXFileReference; lastKnownFileType = sourcecode.swift; path = RenameView.swift; sourceTree = "<group>"; };
		E05999B92CB335DC00D64E0B /* DataSyncView.swift */ = {isa = PBXFileReference; lastKnownFileType = sourcecode.swift; path = DataSyncView.swift; sourceTree = "<group>"; };
		E05999BB2CB336AE00D64E0B /* HealthKitManager.swift */ = {isa = PBXFileReference; lastKnownFileType = sourcecode.swift; path = HealthKitManager.swift; sourceTree = "<group>"; };
		E05999BE2CB419D300D64E0B /* InfiniLink.xcdatamodel */ = {isa = PBXFileReference; lastKnownFileType = wrapper.xcdatamodel; path = InfiniLink.xcdatamodel; sourceTree = "<group>"; };
		E05999C02CB419EB00D64E0B /* PersistenceController.swift */ = {isa = PBXFileReference; lastKnownFileType = sourcecode.swift; path = PersistenceController.swift; sourceTree = "<group>"; };
		E05999FD2CB462BF00D64E0B /* ChartManager.swift */ = {isa = PBXFileReference; lastKnownFileType = sourcecode.swift; path = ChartManager.swift; sourceTree = "<group>"; };
		E05999FF2CB46EB100D64E0B /* StepCountManager.swift */ = {isa = PBXFileReference; lastKnownFileType = sourcecode.swift; path = StepCountManager.swift; sourceTree = "<group>"; };
		E0599A012CB4C38700D64E0B /* FilesystemView.swift */ = {isa = PBXFileReference; lastKnownFileType = sourcecode.swift; path = FilesystemView.swift; sourceTree = "<group>"; };
		E0599A032CB4C58800D64E0B /* LV_IMG_Convert.swift */ = {isa = PBXFileReference; lastKnownFileType = sourcecode.swift; path = LV_IMG_Convert.swift; sourceTree = "<group>"; };
		E0599A082CB4C77300D64E0B /* FileSystemViewModel.swift */ = {isa = PBXFileReference; lastKnownFileType = sourcecode.swift; path = FileSystemViewModel.swift; sourceTree = "<group>"; };
		E0599A0C2CB4DF0800D64E0B /* FileSystemDetailView.swift */ = {isa = PBXFileReference; lastKnownFileType = sourcecode.swift; path = FileSystemDetailView.swift; sourceTree = "<group>"; };
		E0599A0E2CB4E62800D64E0B /* UserDataCollectionView.swift */ = {isa = PBXFileReference; lastKnownFileType = sourcecode.swift; path = UserDataCollectionView.swift; sourceTree = "<group>"; };
		E0599A102CB5553B00D64E0B /* FSFile.swift */ = {isa = PBXFileReference; lastKnownFileType = sourcecode.swift; path = FSFile.swift; sourceTree = "<group>"; };
		E06973AA2B35E6F4009C2F7D /* InfiniLink.entitlements */ = {isa = PBXFileReference; lastKnownFileType = text.plist.entitlements; path = InfiniLink.entitlements; sourceTree = "<group>"; };
		E07D8F132CBD688A005C1325 /* CustomizationView.swift */ = {isa = PBXFileReference; lastKnownFileType = sourcecode.swift; path = CustomizationView.swift; sourceTree = "<group>"; };
		E07D8F152CBE1F6F005C1325 /* RemindersManager.swift */ = {isa = PBXFileReference; lastKnownFileType = sourcecode.swift; path = RemindersManager.swift; sourceTree = "<group>"; };
		E07D8F172CBE2071005C1325 /* ActionView.swift */ = {isa = PBXFileReference; lastKnownFileType = sourcecode.swift; path = ActionView.swift; sourceTree = "<group>"; };
		E07D8F1D2CBF03E6005C1325 /* WeatherController.swift */ = {isa = PBXFileReference; lastKnownFileType = sourcecode.swift; path = WeatherController.swift; sourceTree = "<group>"; };
		E07D8F1F2CBF051A005C1325 /* LocationManager.swift */ = {isa = PBXFileReference; lastKnownFileType = sourcecode.swift; path = LocationManager.swift; sourceTree = "<group>"; };
		E07D8F212CC00AB0005C1325 /* UnitTemperature+Extension.swift */ = {isa = PBXFileReference; lastKnownFileType = sourcecode.swift; path = "UnitTemperature+Extension.swift"; sourceTree = "<group>"; };
		E07D8F232CC012FC005C1325 /* DeviceManager.swift */ = {isa = PBXFileReference; lastKnownFileType = sourcecode.swift; path = DeviceManager.swift; sourceTree = "<group>"; };
		E0A7C06A2CB0DE4C0042A12D /* Weather.swift */ = {isa = PBXFileReference; lastKnownFileType = sourcecode.swift; path = Weather.swift; sourceTree = "<group>"; };
		E0A7C0722CB0ECCE0042A12D /* NotificationsSettingsView.swift */ = {isa = PBXFileReference; lastKnownFileType = sourcecode.swift; path = NotificationsSettingsView.swift; sourceTree = "<group>"; };
		E0A7C0752CB17E520042A12D /* MusicSettingsView.swift */ = {isa = PBXFileReference; lastKnownFileType = sourcecode.swift; path = MusicSettingsView.swift; sourceTree = "<group>"; };
		E0A7C0772CB193BC0042A12D /* WeatherSettingsView.swift */ = {isa = PBXFileReference; lastKnownFileType = sourcecode.swift; path = WeatherSettingsView.swift; sourceTree = "<group>"; };
		E0A7C0792CB1AAAC0042A12D /* BatterySettingsView.swift */ = {isa = PBXFileReference; lastKnownFileType = sourcecode.swift; path = BatterySettingsView.swift; sourceTree = "<group>"; };
		E0A7C07C2CB1AD370042A12D /* MusicController.swift */ = {isa = PBXFileReference; lastKnownFileType = sourcecode.swift; path = MusicController.swift; sourceTree = "<group>"; };
		E0A7C07E2CB1B3300042A12D /* BLEFS.swift */ = {isa = PBXFileReference; lastKnownFileType = sourcecode.swift; path = BLEFS.swift; sourceTree = "<group>"; };
		E0A7C0832CB1B7A60042A12D /* WatchFaceView.swift */ = {isa = PBXFileReference; lastKnownFileType = sourcecode.swift; path = WatchFaceView.swift; sourceTree = "<group>"; };
		E0A7C0852CB1B83E0042A12D /* Color+Extension.swift */ = {isa = PBXFileReference; lastKnownFileType = sourcecode.swift; path = "Color+Extension.swift"; sourceTree = "<group>"; };
		E0A7C0872CB1BBE70042A12D /* GeneralSettingsView.swift */ = {isa = PBXFileReference; lastKnownFileType = sourcecode.swift; path = GeneralSettingsView.swift; sourceTree = "<group>"; };
		E0A7C08A2CB1E4CC0042A12D /* SoftwareUpdateView.swift */ = {isa = PBXFileReference; lastKnownFileType = sourcecode.swift; path = SoftwareUpdateView.swift; sourceTree = "<group>"; };
		E0A7C08F2CB1EE8F0042A12D /* DFUUpdater.swift */ = {isa = PBXFileReference; lastKnownFileType = sourcecode.swift; path = DFUUpdater.swift; sourceTree = "<group>"; };
		E0A7C0902CB1EE8F0042A12D /* DownloadManager.swift */ = {isa = PBXFileReference; lastKnownFileType = sourcecode.swift; path = DownloadManager.swift; sourceTree = "<group>"; };
		E0A7C0972CB227060042A12D /* HeartView.swift */ = {isa = PBXFileReference; lastKnownFileType = sourcecode.swift; path = HeartView.swift; sourceTree = "<group>"; };
		E0A7C0992CB2270D0042A12D /* StepsView.swift */ = {isa = PBXFileReference; lastKnownFileType = sourcecode.swift; path = StepsView.swift; sourceTree = "<group>"; };
		E0A7C09B2CB234450042A12D /* AboutSettingsView.swift */ = {isa = PBXFileReference; lastKnownFileType = sourcecode.swift; path = AboutSettingsView.swift; sourceTree = "<group>"; };
		E0A7C09D2CB2454A0042A12D /* ExerciseView.swift */ = {isa = PBXFileReference; lastKnownFileType = sourcecode.swift; path = ExerciseView.swift; sourceTree = "<group>"; };
		E0A7C0A22CB246D10042A12D /* DetailHeaderView.swift */ = {isa = PBXFileReference; lastKnownFileType = sourcecode.swift; path = DetailHeaderView.swift; sourceTree = "<group>"; };
		E0A7C0A42CB2527F0042A12D /* HeartSettingsView.swift */ = {isa = PBXFileReference; lastKnownFileType = sourcecode.swift; path = HeartSettingsView.swift; sourceTree = "<group>"; };
		E0A7C0A62CB257F50042A12D /* GoalsSettingsView.swift */ = {isa = PBXFileReference; lastKnownFileType = sourcecode.swift; path = GoalsSettingsView.swift; sourceTree = "<group>"; };
		E0B85D1A2CB6243800D85122 /* ExerciseViewModel.swift */ = {isa = PBXFileReference; lastKnownFileType = sourcecode.swift; path = ExerciseViewModel.swift; sourceTree = "<group>"; };
		E0B85D1E2CB6248000D85122 /* ActiveExerciseView.swift */ = {isa = PBXFileReference; lastKnownFileType = sourcecode.swift; path = ActiveExerciseView.swift; sourceTree = "<group>"; };
		E0B85D202CB625FE00D85122 /* Exercise.swift */ = {isa = PBXFileReference; lastKnownFileType = sourcecode.swift; path = Exercise.swift; sourceTree = "<group>"; };
		E0B85D5D2CB628E200D85122 /* ExerciseDetailView.swift */ = {isa = PBXFileReference; lastKnownFileType = sourcecode.swift; path = ExerciseDetailView.swift; sourceTree = "<group>"; };
		E0B85D5F2CB6D41700D85122 /* FitnessCalculator.swift */ = {isa = PBXFileReference; lastKnownFileType = sourcecode.swift; path = FitnessCalculator.swift; sourceTree = "<group>"; };
		E0B85D6E2CB8CDC700D85122 /* Date+Extension.swift */ = {isa = PBXFileReference; lastKnownFileType = sourcecode.swift; path = "Date+Extension.swift"; sourceTree = "<group>"; };
		E0B85D712CB9905500D85122 /* Charts.framework */ = {isa = PBXFileReference; lastKnownFileType = wrapper.framework; name = Charts.framework; path = Platforms/MacOSX.platform/Developer/SDKs/MacOSX15.1.sdk/System/iOSSupport/System/Library/Frameworks/Charts.framework; sourceTree = DEVELOPER_DIR; };
		E0C7C8382CAEF71F0043DA2D /* WelcomeView.swift */ = {isa = PBXFileReference; lastKnownFileType = sourcecode.swift; path = WelcomeView.swift; sourceTree = "<group>"; };
		E0C7C83E2CAEF91C0043DA2D /* ConnectView.swift */ = {isa = PBXFileReference; lastKnownFileType = sourcecode.swift; path = ConnectView.swift; sourceTree = "<group>"; };
		E0C7C8462CAF01950043DA2D /* DeviceView.swift */ = {isa = PBXFileReference; lastKnownFileType = sourcecode.swift; path = DeviceView.swift; sourceTree = "<group>"; };
		E0C7C84B2CAF14870043DA2D /* BLEDiscoveredCharacteristics.swift */ = {isa = PBXFileReference; lastKnownFileType = sourcecode.swift; path = BLEDiscoveredCharacteristics.swift; sourceTree = "<group>"; };
		E0C7C84C2CAF14870043DA2D /* BLEManager.swift */ = {isa = PBXFileReference; lastKnownFileType = sourcecode.swift; path = BLEManager.swift; sourceTree = "<group>"; };
		E0C7C84E2CAF14870043DA2D /* BLEUpdateHandler.swift */ = {isa = PBXFileReference; lastKnownFileType = sourcecode.swift; path = BLEUpdateHandler.swift; sourceTree = "<group>"; };
		E0C7C84F2CAF14870043DA2D /* BLEWriteManager.swift */ = {isa = PBXFileReference; lastKnownFileType = sourcecode.swift; path = BLEWriteManager.swift; sourceTree = "<group>"; };
		E0C7C8512CAF14870043DA2D /* SetTime.swift */ = {isa = PBXFileReference; lastKnownFileType = sourcecode.swift; path = SetTime.swift; sourceTree = "<group>"; };
		E0C7C8602CAF260A0043DA2D /* Localizable.xcstrings */ = {isa = PBXFileReference; lastKnownFileType = text.json.xcstrings; path = Localizable.xcstrings; sourceTree = "<group>"; };
		E0ED760D2CB5C8B500BC7E44 /* NotificationManager.swift */ = {isa = PBXFileReference; lastKnownFileType = sourcecode.swift; path = NotificationManager.swift; sourceTree = "<group>"; };
		E0ED760F2CB5CA8A00BC7E44 /* PersonalizationController.swift */ = {isa = PBXFileReference; lastKnownFileType = sourcecode.swift; path = PersonalizationController.swift; sourceTree = "<group>"; };
/* End PBXFileReference section */

/* Begin PBXFrameworksBuildPhase section */
		264BFE3B26BC51CE0050A223 /* Frameworks */ = {
			isa = PBXFrameworksBuildPhase;
			buildActionMask = 2147483647;
			files = (
				E0A7C0822CB1B4990042A12D /* Zip in Frameworks */,
				E0A7C0962CB1EEB50042A12D /* NordicDFU in Frameworks */,
			);
			runOnlyForDeploymentPostprocessing = 0;
		};
		264BFE5126BC51CF0050A223 /* Frameworks */ = {
			isa = PBXFrameworksBuildPhase;
			buildActionMask = 2147483647;
			files = (
			);
			runOnlyForDeploymentPostprocessing = 0;
		};
		264BFE5C26BC51CF0050A223 /* Frameworks */ = {
			isa = PBXFrameworksBuildPhase;
			buildActionMask = 2147483647;
			files = (
			);
			runOnlyForDeploymentPostprocessing = 0;
		};
/* End PBXFrameworksBuildPhase section */

/* Begin PBXGroup section */
		264BFE3526BC51CE0050A223 = {
			isa = PBXGroup;
			children = (
				264BFE4026BC51CE0050A223 /* InfiniLink */,
				264BFE5726BC51CF0050A223 /* InfiniLinkTests */,
				264BFE6226BC51CF0050A223 /* InfiniLinkUITests */,
				E0B85D702CB9905400D85122 /* Frameworks */,
				264BFE3F26BC51CE0050A223 /* Products */,
			);
			sourceTree = "<group>";
		};
		264BFE3F26BC51CE0050A223 /* Products */ = {
			isa = PBXGroup;
			children = (
				264BFE3E26BC51CE0050A223 /* InfiniLink.app */,
				264BFE5426BC51CF0050A223 /* InfiniLinkTests.xctest */,
				264BFE5F26BC51CF0050A223 /* InfiniLinkUITests.xctest */,
			);
			name = Products;
			sourceTree = "<group>";
		};
		264BFE4026BC51CE0050A223 /* InfiniLink */ = {
			isa = PBXGroup;
			children = (
				E059999F2CB2ED5D00D64E0B /* Fonts */,
				E0A7C07B2CB1AD2E0042A12D /* Utils */,
				E0A7C0692CB0DE450042A12D /* Model */,
				E0C7C8522CAF14870043DA2D /* BLE */,
				E0C7C8362CAEF6BF0043DA2D /* Core */,
				264BFE4126BC51CE0050A223 /* InfiniLinkApp.swift */,
				264BFE4326BC51CE0050A223 /* ContentView.swift */,
				E0A7C0852CB1B83E0042A12D /* Color+Extension.swift */,
				E07D8F212CC00AB0005C1325 /* UnitTemperature+Extension.swift */,
				E0B85D6E2CB8CDC700D85122 /* Date+Extension.swift */,
				E0C7C8602CAF260A0043DA2D /* Localizable.xcstrings */,
				E05999BD2CB419D300D64E0B /* InfiniLink.xcdatamodeld */,
				E06973AA2B35E6F4009C2F7D /* InfiniLink.entitlements */,
				264BFE4526BC51CF0050A223 /* Assets.xcassets */,
				264BFE4F26BC51CF0050A223 /* Info.plist */,
				264BFE4726BC51CF0050A223 /* Preview Content */,
			);
			path = InfiniLink;
			sourceTree = "<group>";
		};
		264BFE4726BC51CF0050A223 /* Preview Content */ = {
			isa = PBXGroup;
			children = (
				264BFE4826BC51CF0050A223 /* Preview Assets.xcassets */,
			);
			path = "Preview Content";
			sourceTree = "<group>";
		};
		264BFE5726BC51CF0050A223 /* InfiniLinkTests */ = {
			isa = PBXGroup;
			children = (
				264BFE5826BC51CF0050A223 /* InfiniLinkTests.swift */,
				264BFE5A26BC51CF0050A223 /* Info.plist */,
			);
			path = InfiniLinkTests;
			sourceTree = "<group>";
		};
		264BFE6226BC51CF0050A223 /* InfiniLinkUITests */ = {
			isa = PBXGroup;
			children = (
				264BFE6326BC51CF0050A223 /* InfiniLinkUITests.swift */,
				264BFE6526BC51CF0050A223 /* Info.plist */,
			);
			path = InfiniLinkUITests;
			sourceTree = "<group>";
		};
		E059999A2CB2E55500D64E0B /* Apps */ = {
			isa = PBXGroup;
			children = (
				E059999B2CB2E56300D64E0B /* AlarmView.swift */,
				E059999D2CB2E56A00D64E0B /* RemindersView.swift */,
			);
			path = Apps;
			sourceTree = "<group>";
		};
		E059999F2CB2ED5D00D64E0B /* Fonts */ = {
			isa = PBXGroup;
			children = (
				E05999A02CB2ED7100D64E0B /* 7-Segment.ttf */,
				E05999A12CB2ED7100D64E0B /* BebasNeue-Regular.ttf */,
				E05999A22CB2ED7100D64E0B /* JetBrainsMono-Bold.ttf */,
				E05999A32CB2ED7100D64E0B /* JetBrainsMono-ExtraBold.ttf */,
				E05999A42CB2ED7100D64E0B /* JetBrainsMono-Light.ttf */,
				E05999A52CB2ED7100D64E0B /* JetBrainsMono-Regular.ttf */,
				E05999A62CB2ED7100D64E0B /* MaterialIcons-Regular.ttf */,
				E05999A82CB2ED7100D64E0B /* open_sans_light.ttf */,
				E05999A92CB2ED7100D64E0B /* repetitionscrolling.ttf */,
				E05999AA2CB2ED7100D64E0B /* Teko-Light.ttf */,
			);
			path = Fonts;
			sourceTree = "<group>";
		};
		E05999B62CB2FC6400D64E0B /* About */ = {
			isa = PBXGroup;
			children = (
				E0A7C09B2CB234450042A12D /* AboutSettingsView.swift */,
				E05999B72CB2FC7900D64E0B /* RenameView.swift */,
			);
			path = About;
			sourceTree = "<group>";
		};
		E0599A052CB4C75500D64E0B /* Filesystem */ = {
			isa = PBXGroup;
			children = (
				E0599A072CB4C76700D64E0B /* Views */,
				E0599A062CB4C75D00D64E0B /* View Model */,
			);
			path = Filesystem;
			sourceTree = "<group>";
		};
		E0599A062CB4C75D00D64E0B /* View Model */ = {
			isa = PBXGroup;
			children = (
				E0599A082CB4C77300D64E0B /* FileSystemViewModel.swift */,
			);
			path = "View Model";
			sourceTree = "<group>";
		};
		E0599A072CB4C76700D64E0B /* Views */ = {
			isa = PBXGroup;
			children = (
				E0599A012CB4C38700D64E0B /* FilesystemView.swift */,
				E0599A0C2CB4DF0800D64E0B /* FileSystemDetailView.swift */,
			);
			path = Views;
			sourceTree = "<group>";
		};
		E0A7C0692CB0DE450042A12D /* Model */ = {
			isa = PBXGroup;
			children = (
				E0A7C06A2CB0DE4C0042A12D /* Weather.swift */,
				E0599A102CB5553B00D64E0B /* FSFile.swift */,
				E0B85D202CB625FE00D85122 /* Exercise.swift */,
			);
			path = Model;
			sourceTree = "<group>";
		};
		E0A7C0742CB0ECD10042A12D /* Settings */ = {
			isa = PBXGroup;
			children = (
				E0A7C0892CB1E4BF0042A12D /* General */,
				E0A7C0722CB0ECCE0042A12D /* NotificationsSettingsView.swift */,
				E0A7C0752CB17E520042A12D /* MusicSettingsView.swift */,
				E0A7C0772CB193BC0042A12D /* WeatherSettingsView.swift */,
				E0A7C0A42CB2527F0042A12D /* HeartSettingsView.swift */,
				E0A7C0792CB1AAAC0042A12D /* BatterySettingsView.swift */,
			);
			path = Settings;
			sourceTree = "<group>";
		};
		E0A7C07B2CB1AD2E0042A12D /* Utils */ = {
			isa = PBXGroup;
			children = (
				E0A7C08F2CB1EE8F0042A12D /* DFUUpdater.swift */,
				E05999FD2CB462BF00D64E0B /* ChartManager.swift */,
				E0A7C0902CB1EE8F0042A12D /* DownloadManager.swift */,
				E05999FF2CB46EB100D64E0B /* StepCountManager.swift */,
				E0A7C07C2CB1AD370042A12D /* MusicController.swift */,
				E05999BB2CB336AE00D64E0B /* HealthKitManager.swift */,
				E0ED760D2CB5C8B500BC7E44 /* NotificationManager.swift */,
				E05999C02CB419EB00D64E0B /* PersistenceController.swift */,
				E0599A032CB4C58800D64E0B /* LV_IMG_Convert.swift */,
				E0ED760F2CB5CA8A00BC7E44 /* PersonalizationController.swift */,
				E0B85D5F2CB6D41700D85122 /* FitnessCalculator.swift */,
				E07D8F152CBE1F6F005C1325 /* RemindersManager.swift */,
				E07D8F1D2CBF03E6005C1325 /* WeatherController.swift */,
				E07D8F1F2CBF051A005C1325 /* LocationManager.swift */,
			);
			path = Utils;
			sourceTree = "<group>";
		};
		E0A7C0892CB1E4BF0042A12D /* General */ = {
			isa = PBXGroup;
			children = (
				E0599A052CB4C75500D64E0B /* Filesystem */,
				E05999B62CB2FC6400D64E0B /* About */,
				E0A7C08C2CB1E86A0042A12D /* Update */,
				E0A7C0872CB1BBE70042A12D /* GeneralSettingsView.swift */,
				E0A7C0A62CB257F50042A12D /* GoalsSettingsView.swift */,
				E05999B92CB335DC00D64E0B /* DataSyncView.swift */,
			);
			path = General;
			sourceTree = "<group>";
		};
		E0A7C08C2CB1E86A0042A12D /* Update */ = {
			isa = PBXGroup;
			children = (
				E0A7C08A2CB1E4CC0042A12D /* SoftwareUpdateView.swift */,
			);
			path = Update;
			sourceTree = "<group>";
		};
		E0A7C09F2CB245F70042A12D /* Components */ = {
			isa = PBXGroup;
			children = (
				E0B85D662CB868BC00D85122 /* Charts */,
				E0A7C0A22CB246D10042A12D /* DetailHeaderView.swift */,
				E0A7C0832CB1B7A60042A12D /* WatchFaceView.swift */,
				E07D8F172CBE2071005C1325 /* ActionView.swift */,
			);
			path = Components;
			sourceTree = "<group>";
		};
		E0B85D172CB6241000D85122 /* Exercise */ = {
			isa = PBXGroup;
			children = (
				E0B85D192CB6242100D85122 /* Views */,
				E0B85D182CB6241900D85122 /* View Model */,
			);
			path = Exercise;
			sourceTree = "<group>";
		};
		E0B85D182CB6241900D85122 /* View Model */ = {
			isa = PBXGroup;
			children = (
				E0B85D1A2CB6243800D85122 /* ExerciseViewModel.swift */,
			);
			path = "View Model";
			sourceTree = "<group>";
		};
		E0B85D192CB6242100D85122 /* Views */ = {
			isa = PBXGroup;
			children = (
				E0A7C09D2CB2454A0042A12D /* ExerciseView.swift */,
				E0B85D1E2CB6248000D85122 /* ActiveExerciseView.swift */,
				E0B85D5D2CB628E200D85122 /* ExerciseDetailView.swift */,
			);
			path = Views;
			sourceTree = "<group>";
		};
		E0B85D662CB868BC00D85122 /* Charts */ = {
			isa = PBXGroup;
			children = (
			);
			path = Charts;
			sourceTree = "<group>";
		};
		E0B85D702CB9905400D85122 /* Frameworks */ = {
			isa = PBXGroup;
			children = (
				E0B85D712CB9905500D85122 /* Charts.framework */,
			);
			name = Frameworks;
			sourceTree = "<group>";
		};
		E0C7C8362CAEF6BF0043DA2D /* Core */ = {
			isa = PBXGroup;
			children = (
				E0C7C8452CAF018B0043DA2D /* Device */,
				E0C7C8372CAEF70B0043DA2D /* Welcome */,
			);
			path = Core;
			sourceTree = "<group>";
		};
		E0C7C8372CAEF70B0043DA2D /* Welcome */ = {
			isa = PBXGroup;
			children = (
				E0C7C8382CAEF71F0043DA2D /* WelcomeView.swift */,
				E0599A0E2CB4E62800D64E0B /* UserDataCollectionView.swift */,
			);
			path = Welcome;
			sourceTree = "<group>";
		};
		E0C7C8452CAF018B0043DA2D /* Device */ = {
			isa = PBXGroup;
			children = (
				E0B85D172CB6241000D85122 /* Exercise */,
				E0A7C0742CB0ECD10042A12D /* Settings */,
				E059999A2CB2E55500D64E0B /* Apps */,
				E0A7C09F2CB245F70042A12D /* Components */,
				E0A7C0972CB227060042A12D /* HeartView.swift */,
				E05999982CB25C5600D64E0B /* SleepView.swift */,
				E0A7C0992CB2270D0042A12D /* StepsView.swift */,
				E0C7C8462CAF01950043DA2D /* DeviceView.swift */,
				E07D8F132CBD688A005C1325 /* CustomizationView.swift */,
				E0C7C83E2CAEF91C0043DA2D /* ConnectView.swift */,
			);
			path = Device;
			sourceTree = "<group>";
		};
		E0C7C8522CAF14870043DA2D /* BLE */ = {
			isa = PBXGroup;
			children = (
				E0C7C84B2CAF14870043DA2D /* BLEDiscoveredCharacteristics.swift */,
				E0C7C84C2CAF14870043DA2D /* BLEManager.swift */,
				E0C7C84E2CAF14870043DA2D /* BLEUpdateHandler.swift */,
				E0C7C84F2CAF14870043DA2D /* BLEWriteManager.swift */,
				E0A7C07E2CB1B3300042A12D /* BLEFS.swift */,
				E0C7C8512CAF14870043DA2D /* SetTime.swift */,
				E07D8F232CC012FC005C1325 /* DeviceManager.swift */,
			);
			path = BLE;
			sourceTree = "<group>";
		};
/* End PBXGroup section */

/* Begin PBXNativeTarget section */
		264BFE3D26BC51CE0050A223 /* InfiniLink */ = {
			isa = PBXNativeTarget;
			buildConfigurationList = 264BFE6826BC51CF0050A223 /* Build configuration list for PBXNativeTarget "InfiniLink" */;
			buildPhases = (
				264BFE3A26BC51CE0050A223 /* Sources */,
				264BFE3B26BC51CE0050A223 /* Frameworks */,
				264BFE3C26BC51CE0050A223 /* Resources */,
			);
			buildRules = (
			);
			dependencies = (
			);
			name = InfiniLink;
			packageProductDependencies = (
				E0A7C0812CB1B4990042A12D /* Zip */,
				E0A7C0952CB1EEB50042A12D /* NordicDFU */,
			);
			productName = "Infini-iOS";
			productReference = 264BFE3E26BC51CE0050A223 /* InfiniLink.app */;
			productType = "com.apple.product-type.application";
		};
		264BFE5326BC51CF0050A223 /* InfiniLinkTests */ = {
			isa = PBXNativeTarget;
			buildConfigurationList = 264BFE6B26BC51CF0050A223 /* Build configuration list for PBXNativeTarget "InfiniLinkTests" */;
			buildPhases = (
				264BFE5026BC51CF0050A223 /* Sources */,
				264BFE5126BC51CF0050A223 /* Frameworks */,
				264BFE5226BC51CF0050A223 /* Resources */,
			);
			buildRules = (
			);
			dependencies = (
				264BFE5626BC51CF0050A223 /* PBXTargetDependency */,
			);
			name = InfiniLinkTests;
			productName = "Infini-iOSTests";
			productReference = 264BFE5426BC51CF0050A223 /* InfiniLinkTests.xctest */;
			productType = "com.apple.product-type.bundle.unit-test";
		};
		264BFE5E26BC51CF0050A223 /* InfiniLinkUITests */ = {
			isa = PBXNativeTarget;
			buildConfigurationList = 264BFE6E26BC51CF0050A223 /* Build configuration list for PBXNativeTarget "InfiniLinkUITests" */;
			buildPhases = (
				264BFE5B26BC51CF0050A223 /* Sources */,
				264BFE5C26BC51CF0050A223 /* Frameworks */,
				264BFE5D26BC51CF0050A223 /* Resources */,
			);
			buildRules = (
			);
			dependencies = (
				264BFE6126BC51CF0050A223 /* PBXTargetDependency */,
			);
			name = InfiniLinkUITests;
			productName = "Infini-iOSUITests";
			productReference = 264BFE5F26BC51CF0050A223 /* InfiniLinkUITests.xctest */;
			productType = "com.apple.product-type.bundle.ui-testing";
		};
/* End PBXNativeTarget section */

/* Begin PBXProject section */
		264BFE3626BC51CE0050A223 /* Project object */ = {
			isa = PBXProject;
			attributes = {
				BuildIndependentTargetsInParallel = YES;
				LastSwiftUpdateCheck = 1250;
				LastUpgradeCheck = 1610;
				TargetAttributes = {
					264BFE3D26BC51CE0050A223 = {
						CreatedOnToolsVersion = 12.5.1;
					};
					264BFE5326BC51CF0050A223 = {
						CreatedOnToolsVersion = 12.5.1;
						TestTargetID = 264BFE3D26BC51CE0050A223;
					};
					264BFE5E26BC51CF0050A223 = {
						CreatedOnToolsVersion = 12.5.1;
						TestTargetID = 264BFE3D26BC51CE0050A223;
					};
				};
			};
			buildConfigurationList = 264BFE3926BC51CE0050A223 /* Build configuration list for PBXProject "InfiniLink" */;
			compatibilityVersion = "Xcode 9.3";
			developmentRegion = en;
			hasScannedForEncodings = 0;
			knownRegions = (
				en,
				ru,
				fr,
				Base,
				ko,
				"zh-Hant",
			);
			mainGroup = 264BFE3526BC51CE0050A223;
			packageReferences = (
				E0A7C0802CB1B4990042A12D /* XCRemoteSwiftPackageReference "Zip" */,
				E0A7C0942CB1EEB50042A12D /* XCRemoteSwiftPackageReference "IOS-DFU-Library" */,
			);
			productRefGroup = 264BFE3F26BC51CE0050A223 /* Products */;
			projectDirPath = "";
			projectRoot = "";
			targets = (
				264BFE3D26BC51CE0050A223 /* InfiniLink */,
				264BFE5326BC51CF0050A223 /* InfiniLinkTests */,
				264BFE5E26BC51CF0050A223 /* InfiniLinkUITests */,
			);
		};
/* End PBXProject section */

/* Begin PBXResourcesBuildPhase section */
		264BFE3C26BC51CE0050A223 /* Resources */ = {
			isa = PBXResourcesBuildPhase;
			buildActionMask = 2147483647;
			files = (
				264BFE4926BC51CF0050A223 /* Preview Assets.xcassets in Resources */,
				E05999AC2CB2ED7100D64E0B /* repetitionscrolling.ttf in Resources */,
				E05999AD2CB2ED7100D64E0B /* open_sans_light.ttf in Resources */,
				E05999AE2CB2ED7100D64E0B /* JetBrainsMono-Light.ttf in Resources */,
				E05999AF2CB2ED7100D64E0B /* BebasNeue-Regular.ttf in Resources */,
				E05999B02CB2ED7100D64E0B /* Teko-Light.ttf in Resources */,
				E05999B12CB2ED7100D64E0B /* MaterialIcons-Regular.ttf in Resources */,
				E05999B22CB2ED7100D64E0B /* 7-Segment.ttf in Resources */,
				E05999B32CB2ED7100D64E0B /* JetBrainsMono-Regular.ttf in Resources */,
				E05999B42CB2ED7100D64E0B /* JetBrainsMono-Bold.ttf in Resources */,
				E05999B52CB2ED7100D64E0B /* JetBrainsMono-ExtraBold.ttf in Resources */,
				264BFE4626BC51CF0050A223 /* Assets.xcassets in Resources */,
				E0C7C8612CAF260A0043DA2D /* Localizable.xcstrings in Resources */,
			);
			runOnlyForDeploymentPostprocessing = 0;
		};
		264BFE5226BC51CF0050A223 /* Resources */ = {
			isa = PBXResourcesBuildPhase;
			buildActionMask = 2147483647;
			files = (
			);
			runOnlyForDeploymentPostprocessing = 0;
		};
		264BFE5D26BC51CF0050A223 /* Resources */ = {
			isa = PBXResourcesBuildPhase;
			buildActionMask = 2147483647;
			files = (
			);
			runOnlyForDeploymentPostprocessing = 0;
		};
/* End PBXResourcesBuildPhase section */

/* Begin PBXSourcesBuildPhase section */
		264BFE3A26BC51CE0050A223 /* Sources */ = {
			isa = PBXSourcesBuildPhase;
			buildActionMask = 2147483647;
			files = (
				E0A7C0782CB193BC0042A12D /* WeatherSettingsView.swift in Sources */,
				E0A7C0862CB1B83E0042A12D /* Color+Extension.swift in Sources */,
				E05999FE2CB462BF00D64E0B /* ChartManager.swift in Sources */,
				264BFE4426BC51CE0050A223 /* ContentView.swift in Sources */,
				E0A7C07F2CB1B3300042A12D /* BLEFS.swift in Sources */,
				E05999BA2CB335DC00D64E0B /* DataSyncView.swift in Sources */,
				E0A7C0882CB1BBE70042A12D /* GeneralSettingsView.swift in Sources */,
				E0C7C83F2CAEF91C0043DA2D /* ConnectView.swift in Sources */,
				E0A7C0842CB1B7A60042A12D /* WatchFaceView.swift in Sources */,
				E0C7C8392CAEF71F0043DA2D /* WelcomeView.swift in Sources */,
				E0B85D1F2CB6248000D85122 /* ActiveExerciseView.swift in Sources */,
				E07D8F242CC012FC005C1325 /* DeviceManager.swift in Sources */,
				E0A7C09A2CB2270D0042A12D /* StepsView.swift in Sources */,
				E0C7C8532CAF14870043DA2D /* SetTime.swift in Sources */,
				E0A7C0A52CB2527F0042A12D /* HeartSettingsView.swift in Sources */,
				E07D8F1E2CBF03E6005C1325 /* WeatherController.swift in Sources */,
				E05999992CB25C5600D64E0B /* SleepView.swift in Sources */,
				E0C7C8562CAF14870043DA2D /* BLEWriteManager.swift in Sources */,
				E0C7C8572CAF14870043DA2D /* BLEDiscoveredCharacteristics.swift in Sources */,
				E05999BF2CB419D300D64E0B /* InfiniLink.xcdatamodeld in Sources */,
				E0A7C09E2CB2454B0042A12D /* ExerciseView.swift in Sources */,
				E0C7C8592CAF14870043DA2D /* BLEUpdateHandler.swift in Sources */,
				E0A7C0A32CB246D10042A12D /* DetailHeaderView.swift in Sources */,
				E0599A0D2CB4DF0800D64E0B /* FileSystemDetailView.swift in Sources */,
				E0599A0F2CB4E62800D64E0B /* UserDataCollectionView.swift in Sources */,
				E0A7C0762CB17E520042A12D /* MusicSettingsView.swift in Sources */,
				E0ED76102CB5CA8A00BC7E44 /* PersonalizationController.swift in Sources */,
				E0A7C0922CB1EE8F0042A12D /* DFUUpdater.swift in Sources */,
				E0A7C0932CB1EE8F0042A12D /* DownloadManager.swift in Sources */,
				E05999BC2CB336AE00D64E0B /* HealthKitManager.swift in Sources */,
				E0599A022CB4C38700D64E0B /* FilesystemView.swift in Sources */,
				E0A7C0A72CB257F50042A12D /* GoalsSettingsView.swift in Sources */,
				E0B85D1B2CB6243800D85122 /* ExerciseViewModel.swift in Sources */,
				E059999E2CB2E56A00D64E0B /* RemindersView.swift in Sources */,
				E0599A002CB46EB200D64E0B /* StepCountManager.swift in Sources */,
				E0599A042CB4C58800D64E0B /* LV_IMG_Convert.swift in Sources */,
				E0599A112CB5553B00D64E0B /* FSFile.swift in Sources */,
				E0A7C07A2CB1AAAC0042A12D /* BatterySettingsView.swift in Sources */,
				E07D8F162CBE1F6F005C1325 /* RemindersManager.swift in Sources */,
				E07D8F182CBE2071005C1325 /* ActionView.swift in Sources */,
				E0B85D5E2CB628E200D85122 /* ExerciseDetailView.swift in Sources */,
				E0A7C07D2CB1AD370042A12D /* MusicController.swift in Sources */,
				E059999C2CB2E56300D64E0B /* AlarmView.swift in Sources */,
				E0A7C06B2CB0DE4C0042A12D /* Weather.swift in Sources */,
				E0B85D6F2CB8CDC700D85122 /* Date+Extension.swift in Sources */,
				E0C7C85C2CAF14870043DA2D /* BLEManager.swift in Sources */,
				E0A7C09C2CB234450042A12D /* AboutSettingsView.swift in Sources */,
				E0A7C08B2CB1E4CC0042A12D /* SoftwareUpdateView.swift in Sources */,
				E07D8F202CBF051A005C1325 /* LocationManager.swift in Sources */,
				E05999B82CB2FC7900D64E0B /* RenameView.swift in Sources */,
				264BFE4226BC51CE0050A223 /* InfiniLinkApp.swift in Sources */,
				E0B85D212CB625FE00D85122 /* Exercise.swift in Sources */,
				E0A7C0982CB227060042A12D /* HeartView.swift in Sources */,
				E0C7C8472CAF01950043DA2D /* DeviceView.swift in Sources */,
				E0A7C0732CB0ECCE0042A12D /* NotificationsSettingsView.swift in Sources */,
				E07D8F222CC00AB0005C1325 /* UnitTemperature+Extension.swift in Sources */,
				E0ED760E2CB5C8B500BC7E44 /* NotificationManager.swift in Sources */,
				E07D8F142CBD688A005C1325 /* CustomizationView.swift in Sources */,
				E05999C12CB419EB00D64E0B /* PersistenceController.swift in Sources */,
				E0599A092CB4C77300D64E0B /* FileSystemViewModel.swift in Sources */,
				E0B85D602CB6D41700D85122 /* FitnessCalculator.swift in Sources */,
			);
			runOnlyForDeploymentPostprocessing = 0;
		};
		264BFE5026BC51CF0050A223 /* Sources */ = {
			isa = PBXSourcesBuildPhase;
			buildActionMask = 2147483647;
			files = (
				264BFE5926BC51CF0050A223 /* InfiniLinkTests.swift in Sources */,
			);
			runOnlyForDeploymentPostprocessing = 0;
		};
		264BFE5B26BC51CF0050A223 /* Sources */ = {
			isa = PBXSourcesBuildPhase;
			buildActionMask = 2147483647;
			files = (
				264BFE6426BC51CF0050A223 /* InfiniLinkUITests.swift in Sources */,
			);
			runOnlyForDeploymentPostprocessing = 0;
		};
/* End PBXSourcesBuildPhase section */

/* Begin PBXTargetDependency section */
		264BFE5626BC51CF0050A223 /* PBXTargetDependency */ = {
			isa = PBXTargetDependency;
			target = 264BFE3D26BC51CE0050A223 /* InfiniLink */;
			targetProxy = 264BFE5526BC51CF0050A223 /* PBXContainerItemProxy */;
		};
		264BFE6126BC51CF0050A223 /* PBXTargetDependency */ = {
			isa = PBXTargetDependency;
			target = 264BFE3D26BC51CE0050A223 /* InfiniLink */;
			targetProxy = 264BFE6026BC51CF0050A223 /* PBXContainerItemProxy */;
		};
/* End PBXTargetDependency section */

/* Begin XCBuildConfiguration section */
		264BFE6626BC51CF0050A223 /* Debug */ = {
			isa = XCBuildConfiguration;
			buildSettings = {
				ALWAYS_SEARCH_USER_PATHS = NO;
				ASSETCATALOG_COMPILER_GENERATE_SWIFT_ASSET_SYMBOL_EXTENSIONS = YES;
				CLANG_ANALYZER_LOCALIZABILITY_NONLOCALIZED = YES;
				CLANG_ANALYZER_NONNULL = YES;
				CLANG_ANALYZER_NUMBER_OBJECT_CONVERSION = YES_AGGRESSIVE;
				CLANG_CXX_LANGUAGE_STANDARD = "gnu++14";
				CLANG_CXX_LIBRARY = "libc++";
				CLANG_ENABLE_MODULES = YES;
				CLANG_ENABLE_OBJC_ARC = YES;
				CLANG_ENABLE_OBJC_WEAK = YES;
				CLANG_WARN_BLOCK_CAPTURE_AUTORELEASING = YES;
				CLANG_WARN_BOOL_CONVERSION = YES;
				CLANG_WARN_COMMA = YES;
				CLANG_WARN_CONSTANT_CONVERSION = YES;
				CLANG_WARN_DEPRECATED_OBJC_IMPLEMENTATIONS = YES;
				CLANG_WARN_DIRECT_OBJC_ISA_USAGE = YES_ERROR;
				CLANG_WARN_DOCUMENTATION_COMMENTS = YES;
				CLANG_WARN_EMPTY_BODY = YES;
				CLANG_WARN_ENUM_CONVERSION = YES;
				CLANG_WARN_INFINITE_RECURSION = YES;
				CLANG_WARN_INT_CONVERSION = YES;
				CLANG_WARN_NON_LITERAL_NULL_CONVERSION = YES;
				CLANG_WARN_OBJC_IMPLICIT_RETAIN_SELF = YES;
				CLANG_WARN_OBJC_LITERAL_CONVERSION = YES;
				CLANG_WARN_OBJC_ROOT_CLASS = YES_ERROR;
				CLANG_WARN_QUOTED_INCLUDE_IN_FRAMEWORK_HEADER = YES;
				CLANG_WARN_RANGE_LOOP_ANALYSIS = YES;
				CLANG_WARN_STRICT_PROTOTYPES = YES;
				CLANG_WARN_SUSPICIOUS_MOVE = YES;
				CLANG_WARN_UNGUARDED_AVAILABILITY = YES_AGGRESSIVE;
				CLANG_WARN_UNREACHABLE_CODE = YES;
				CLANG_WARN__DUPLICATE_METHOD_MATCH = YES;
				COPY_PHASE_STRIP = NO;
				DEBUG_INFORMATION_FORMAT = dwarf;
				ENABLE_STRICT_OBJC_MSGSEND = YES;
				ENABLE_TESTABILITY = YES;
				ENABLE_USER_SCRIPT_SANDBOXING = YES;
				GCC_C_LANGUAGE_STANDARD = gnu11;
				GCC_DYNAMIC_NO_PIC = NO;
				GCC_NO_COMMON_BLOCKS = YES;
				GCC_OPTIMIZATION_LEVEL = 0;
				GCC_PREPROCESSOR_DEFINITIONS = (
					"DEBUG=1",
					"$(inherited)",
				);
				GCC_WARN_64_TO_32_BIT_CONVERSION = YES;
				GCC_WARN_ABOUT_RETURN_TYPE = YES_ERROR;
				GCC_WARN_UNDECLARED_SELECTOR = YES;
				GCC_WARN_UNINITIALIZED_AUTOS = YES_AGGRESSIVE;
				GCC_WARN_UNUSED_FUNCTION = YES;
				GCC_WARN_UNUSED_VARIABLE = YES;
				IPHONEOS_DEPLOYMENT_TARGET = 14.5;
				LOCALIZATION_PREFERS_STRING_CATALOGS = YES;
				MTL_ENABLE_DEBUG_INFO = INCLUDE_SOURCE;
				MTL_FAST_MATH = YES;
				ONLY_ACTIVE_ARCH = YES;
				SDKROOT = iphoneos;
				SWIFT_ACTIVE_COMPILATION_CONDITIONS = DEBUG;
				SWIFT_EMIT_LOC_STRINGS = YES;
				SWIFT_OPTIMIZATION_LEVEL = "-Onone";
			};
			name = Debug;
		};
		264BFE6726BC51CF0050A223 /* Release */ = {
			isa = XCBuildConfiguration;
			buildSettings = {
				ALWAYS_SEARCH_USER_PATHS = NO;
				ASSETCATALOG_COMPILER_GENERATE_SWIFT_ASSET_SYMBOL_EXTENSIONS = YES;
				CLANG_ANALYZER_LOCALIZABILITY_NONLOCALIZED = YES;
				CLANG_ANALYZER_NONNULL = YES;
				CLANG_ANALYZER_NUMBER_OBJECT_CONVERSION = YES_AGGRESSIVE;
				CLANG_CXX_LANGUAGE_STANDARD = "gnu++14";
				CLANG_CXX_LIBRARY = "libc++";
				CLANG_ENABLE_MODULES = YES;
				CLANG_ENABLE_OBJC_ARC = YES;
				CLANG_ENABLE_OBJC_WEAK = YES;
				CLANG_WARN_BLOCK_CAPTURE_AUTORELEASING = YES;
				CLANG_WARN_BOOL_CONVERSION = YES;
				CLANG_WARN_COMMA = YES;
				CLANG_WARN_CONSTANT_CONVERSION = YES;
				CLANG_WARN_DEPRECATED_OBJC_IMPLEMENTATIONS = YES;
				CLANG_WARN_DIRECT_OBJC_ISA_USAGE = YES_ERROR;
				CLANG_WARN_DOCUMENTATION_COMMENTS = YES;
				CLANG_WARN_EMPTY_BODY = YES;
				CLANG_WARN_ENUM_CONVERSION = YES;
				CLANG_WARN_INFINITE_RECURSION = YES;
				CLANG_WARN_INT_CONVERSION = YES;
				CLANG_WARN_NON_LITERAL_NULL_CONVERSION = YES;
				CLANG_WARN_OBJC_IMPLICIT_RETAIN_SELF = YES;
				CLANG_WARN_OBJC_LITERAL_CONVERSION = YES;
				CLANG_WARN_OBJC_ROOT_CLASS = YES_ERROR;
				CLANG_WARN_QUOTED_INCLUDE_IN_FRAMEWORK_HEADER = YES;
				CLANG_WARN_RANGE_LOOP_ANALYSIS = YES;
				CLANG_WARN_STRICT_PROTOTYPES = YES;
				CLANG_WARN_SUSPICIOUS_MOVE = YES;
				CLANG_WARN_UNGUARDED_AVAILABILITY = YES_AGGRESSIVE;
				CLANG_WARN_UNREACHABLE_CODE = YES;
				CLANG_WARN__DUPLICATE_METHOD_MATCH = YES;
				COPY_PHASE_STRIP = NO;
				DEBUG_INFORMATION_FORMAT = "dwarf-with-dsym";
				ENABLE_NS_ASSERTIONS = NO;
				ENABLE_STRICT_OBJC_MSGSEND = YES;
				ENABLE_USER_SCRIPT_SANDBOXING = YES;
				GCC_C_LANGUAGE_STANDARD = gnu11;
				GCC_NO_COMMON_BLOCKS = YES;
				GCC_WARN_64_TO_32_BIT_CONVERSION = YES;
				GCC_WARN_ABOUT_RETURN_TYPE = YES_ERROR;
				GCC_WARN_UNDECLARED_SELECTOR = YES;
				GCC_WARN_UNINITIALIZED_AUTOS = YES_AGGRESSIVE;
				GCC_WARN_UNUSED_FUNCTION = YES;
				GCC_WARN_UNUSED_VARIABLE = YES;
				IPHONEOS_DEPLOYMENT_TARGET = 14.5;
				LOCALIZATION_PREFERS_STRING_CATALOGS = YES;
				MTL_ENABLE_DEBUG_INFO = NO;
				MTL_FAST_MATH = YES;
				SDKROOT = iphoneos;
				SWIFT_COMPILATION_MODE = wholemodule;
				SWIFT_EMIT_LOC_STRINGS = YES;
				SWIFT_OPTIMIZATION_LEVEL = "-O";
				VALIDATE_PRODUCT = YES;
			};
			name = Release;
		};
		264BFE6926BC51CF0050A223 /* Debug */ = {
			isa = XCBuildConfiguration;
			buildSettings = {
				ASSETCATALOG_COMPILER_APPICON_NAME = AppIcon;
				ASSETCATALOG_COMPILER_GLOBAL_ACCENT_COLOR_NAME = AccentColor;
				ASSETCATALOG_COMPILER_INCLUDE_ALL_APPICON_ASSETS = YES;
				CODE_SIGN_ENTITLEMENTS = InfiniLink/InfiniLink.entitlements;
				CODE_SIGN_IDENTITY = "Apple Development";
				CODE_SIGN_STYLE = Automatic;
				CURRENT_PROJECT_VERSION = 1;
				DEVELOPMENT_ASSET_PATHS = "\"InfiniLink/Preview Content\"";
				DEVELOPMENT_TEAM = UXA3H4X42S;
				ENABLE_PREVIEWS = YES;
				INFOPLIST_FILE = InfiniLink/Info.plist;
				INFOPLIST_KEY_LSApplicationCategoryType = "public.app-category.utilities";
				IPHONEOS_DEPLOYMENT_TARGET = 16;
				LD_RUNPATH_SEARCH_PATHS = (
					"$(inherited)",
					"@executable_path/Frameworks",
				);
				MARKETING_VERSION = 1.1;
				PRODUCT_BUNDLE_IDENTIFIER = "com.alexemry.Infini-iOS";
				PRODUCT_NAME = "$(TARGET_NAME)";
				PROVISIONING_PROFILE_SPECIFIER = "";
				SUPPORTED_PLATFORMS = "iphoneos iphonesimulator";
				SUPPORTS_MACCATALYST = YES;
				SUPPORTS_MAC_DESIGNED_FOR_IPHONE_IPAD = NO;
				SWIFT_VERSION = 5.0;
				TARGETED_DEVICE_FAMILY = "1,2";
			};
			name = Debug;
		};
		264BFE6A26BC51CF0050A223 /* Release */ = {
			isa = XCBuildConfiguration;
			buildSettings = {
				ASSETCATALOG_COMPILER_APPICON_NAME = AppIcon;
				ASSETCATALOG_COMPILER_GLOBAL_ACCENT_COLOR_NAME = AccentColor;
				ASSETCATALOG_COMPILER_INCLUDE_ALL_APPICON_ASSETS = YES;
				CODE_SIGN_ENTITLEMENTS = InfiniLink/InfiniLink.entitlements;
				CODE_SIGN_IDENTITY = "Apple Development";
				CODE_SIGN_STYLE = Automatic;
				CURRENT_PROJECT_VERSION = 1;
				DEVELOPMENT_ASSET_PATHS = "\"InfiniLink/Preview Content\"";
				DEVELOPMENT_TEAM = UXA3H4X42S;
				ENABLE_PREVIEWS = YES;
				INFOPLIST_FILE = InfiniLink/Info.plist;
				INFOPLIST_KEY_LSApplicationCategoryType = "public.app-category.utilities";
				IPHONEOS_DEPLOYMENT_TARGET = 16;
				LD_RUNPATH_SEARCH_PATHS = (
					"$(inherited)",
					"@executable_path/Frameworks",
				);
				MARKETING_VERSION = 1.1;
				PRODUCT_BUNDLE_IDENTIFIER = "com.alexemry.Infini-iOS";
				PRODUCT_NAME = "$(TARGET_NAME)";
				PROVISIONING_PROFILE_SPECIFIER = "";
				SUPPORTED_PLATFORMS = "iphoneos iphonesimulator";
				SUPPORTS_MACCATALYST = YES;
				SUPPORTS_MAC_DESIGNED_FOR_IPHONE_IPAD = NO;
				SWIFT_VERSION = 5.0;
				TARGETED_DEVICE_FAMILY = "1,2";
			};
			name = Release;
		};
		264BFE6C26BC51CF0050A223 /* Debug */ = {
			isa = XCBuildConfiguration;
			buildSettings = {
				BUNDLE_LOADER = "$(TEST_HOST)";
				CODE_SIGN_STYLE = Automatic;
				DEVELOPMENT_TEAM = Y22PRZL3N4;
				INFOPLIST_FILE = InfiniLinkTests/Info.plist;
				IPHONEOS_DEPLOYMENT_TARGET = 15.0;
				LD_RUNPATH_SEARCH_PATHS = (
					"$(inherited)",
					"@executable_path/Frameworks",
					"@loader_path/Frameworks",
				);
				PRODUCT_BUNDLE_IDENTIFIER = com.infinitimeorg.InfiniLinkTests;
				PRODUCT_NAME = "$(TARGET_NAME)";
				SWIFT_VERSION = 5.0;
				TARGETED_DEVICE_FAMILY = "1,2";
				TEST_HOST = "$(BUILT_PRODUCTS_DIR)/InfiniLink.app/InfiniLink";
			};
			name = Debug;
		};
		264BFE6D26BC51CF0050A223 /* Release */ = {
			isa = XCBuildConfiguration;
			buildSettings = {
				BUNDLE_LOADER = "$(TEST_HOST)";
				CODE_SIGN_STYLE = Automatic;
				DEVELOPMENT_TEAM = Y22PRZL3N4;
				INFOPLIST_FILE = InfiniLinkTests/Info.plist;
				IPHONEOS_DEPLOYMENT_TARGET = 15.0;
				LD_RUNPATH_SEARCH_PATHS = (
					"$(inherited)",
					"@executable_path/Frameworks",
					"@loader_path/Frameworks",
				);
				PRODUCT_BUNDLE_IDENTIFIER = com.infinitimeorg.InfiniLinkTests;
				PRODUCT_NAME = "$(TARGET_NAME)";
				SWIFT_VERSION = 5.0;
				TARGETED_DEVICE_FAMILY = "1,2";
				TEST_HOST = "$(BUILT_PRODUCTS_DIR)/InfiniLink.app/InfiniLink";
			};
			name = Release;
		};
		264BFE6F26BC51CF0050A223 /* Debug */ = {
			isa = XCBuildConfiguration;
			buildSettings = {
				CODE_SIGN_STYLE = Automatic;
				DEVELOPMENT_TEAM = Y22PRZL3N4;
				INFOPLIST_FILE = InfiniLinkUITests/Info.plist;
				IPHONEOS_DEPLOYMENT_TARGET = 15.0;
				LD_RUNPATH_SEARCH_PATHS = (
					"$(inherited)",
					"@executable_path/Frameworks",
					"@loader_path/Frameworks",
				);
				PRODUCT_BUNDLE_IDENTIFIER = com.infinitimeorg.InfiniLinkUITests;
				PRODUCT_NAME = "$(TARGET_NAME)";
				SWIFT_VERSION = 5.0;
				TARGETED_DEVICE_FAMILY = "1,2";
				TEST_TARGET_NAME = InfiniLink;
			};
			name = Debug;
		};
		264BFE7026BC51CF0050A223 /* Release */ = {
			isa = XCBuildConfiguration;
			buildSettings = {
				CODE_SIGN_STYLE = Automatic;
				DEVELOPMENT_TEAM = Y22PRZL3N4;
				INFOPLIST_FILE = InfiniLinkUITests/Info.plist;
				IPHONEOS_DEPLOYMENT_TARGET = 15.0;
				LD_RUNPATH_SEARCH_PATHS = (
					"$(inherited)",
					"@executable_path/Frameworks",
					"@loader_path/Frameworks",
				);
				PRODUCT_BUNDLE_IDENTIFIER = com.infinitimeorg.InfiniLinkUITests;
				PRODUCT_NAME = "$(TARGET_NAME)";
				SWIFT_VERSION = 5.0;
				TARGETED_DEVICE_FAMILY = "1,2";
				TEST_TARGET_NAME = InfiniLink;
			};
			name = Release;
		};
/* End XCBuildConfiguration section */

/* Begin XCConfigurationList section */
		264BFE3926BC51CE0050A223 /* Build configuration list for PBXProject "InfiniLink" */ = {
			isa = XCConfigurationList;
			buildConfigurations = (
				264BFE6626BC51CF0050A223 /* Debug */,
				264BFE6726BC51CF0050A223 /* Release */,
			);
			defaultConfigurationIsVisible = 0;
			defaultConfigurationName = Release;
		};
		264BFE6826BC51CF0050A223 /* Build configuration list for PBXNativeTarget "InfiniLink" */ = {
			isa = XCConfigurationList;
			buildConfigurations = (
				264BFE6926BC51CF0050A223 /* Debug */,
				264BFE6A26BC51CF0050A223 /* Release */,
			);
			defaultConfigurationIsVisible = 0;
			defaultConfigurationName = Release;
		};
		264BFE6B26BC51CF0050A223 /* Build configuration list for PBXNativeTarget "InfiniLinkTests" */ = {
			isa = XCConfigurationList;
			buildConfigurations = (
				264BFE6C26BC51CF0050A223 /* Debug */,
				264BFE6D26BC51CF0050A223 /* Release */,
			);
			defaultConfigurationIsVisible = 0;
			defaultConfigurationName = Release;
		};
		264BFE6E26BC51CF0050A223 /* Build configuration list for PBXNativeTarget "InfiniLinkUITests" */ = {
			isa = XCConfigurationList;
			buildConfigurations = (
				264BFE6F26BC51CF0050A223 /* Debug */,
				264BFE7026BC51CF0050A223 /* Release */,
			);
			defaultConfigurationIsVisible = 0;
			defaultConfigurationName = Release;
		};
/* End XCConfigurationList section */

/* Begin XCRemoteSwiftPackageReference section */
		E0A7C0802CB1B4990042A12D /* XCRemoteSwiftPackageReference "Zip" */ = {
			isa = XCRemoteSwiftPackageReference;
			repositoryURL = "https://github.com/marmelroy/Zip";
			requirement = {
				kind = upToNextMajorVersion;
				minimumVersion = 2.1.2;
			};
		};
		E0A7C0942CB1EEB50042A12D /* XCRemoteSwiftPackageReference "IOS-DFU-Library" */ = {
			isa = XCRemoteSwiftPackageReference;
			repositoryURL = "https://github.com/NordicSemiconductor/IOS-DFU-Library";
			requirement = {
				kind = upToNextMajorVersion;
				minimumVersion = 4.15.3;
			};
		};
/* End XCRemoteSwiftPackageReference section */

/* Begin XCSwiftPackageProductDependency section */
		E0A7C0812CB1B4990042A12D /* Zip */ = {
			isa = XCSwiftPackageProductDependency;
			package = E0A7C0802CB1B4990042A12D /* XCRemoteSwiftPackageReference "Zip" */;
			productName = Zip;
		};
		E0A7C0952CB1EEB50042A12D /* NordicDFU */ = {
			isa = XCSwiftPackageProductDependency;
			package = E0A7C0942CB1EEB50042A12D /* XCRemoteSwiftPackageReference "IOS-DFU-Library" */;
			productName = NordicDFU;
		};
/* End XCSwiftPackageProductDependency section */

/* Begin XCVersionGroup section */
		E05999BD2CB419D300D64E0B /* InfiniLink.xcdatamodeld */ = {
			isa = XCVersionGroup;
			children = (
				E05999BE2CB419D300D64E0B /* InfiniLink.xcdatamodel */,
			);
			currentVersion = E05999BE2CB419D300D64E0B /* InfiniLink.xcdatamodel */;
			path = InfiniLink.xcdatamodeld;
			sourceTree = "<group>";
			versionGroupType = wrapper.xcdatamodel;
		};
/* End XCVersionGroup section */
	};
	rootObject = 264BFE3626BC51CE0050A223 /* Project object */;
}
